<?xml version="1.0" encoding="utf-8"?>
<Project ToolsVersion="4.0" xmlns="http://schemas.microsoft.com/developer/msbuild/2003">
  <ItemGroup>
    <Filter Include="00.MainApp">
      <UniqueIdentifier>{e8c1446f-d68b-429c-803b-6a9457cc52fa}</UniqueIdentifier>
    </Filter>
    <Filter Include="01.Levels">
      <UniqueIdentifier>{cc644f60-4ecb-49a8-8586-e9c4ccbdb419}</UniqueIdentifier>
    </Filter>
    <Filter Include="98.Default">
      <UniqueIdentifier>{00a0e8fc-8926-4877-aa3c-b6cc3ff3f072}</UniqueIdentifier>
    </Filter>
    <Filter Include="01.Levels\Loading">
      <UniqueIdentifier>{783aa7d0-e4a9-47f3-b857-f5b824dad2b8}</UniqueIdentifier>
    </Filter>
    <Filter Include="01.Levels\Loading\Loader">
      <UniqueIdentifier>{17ab5a45-d880-40f6-b518-e747936c79d3}</UniqueIdentifier>
    </Filter>
    <Filter Include="02.GameObjects">
      <UniqueIdentifier>{c4cae272-dd94-43ce-85e6-ecc0b24de4d0}</UniqueIdentifier>
    </Filter>
    <Filter Include="02.GameObjects\BackGround">
      <UniqueIdentifier>{ef3d146c-47a4-4cea-8ab8-0d3efb6a9884}</UniqueIdentifier>
    </Filter>
    <Filter Include="97. ShaderFiles">
      <UniqueIdentifier>{8592a6ca-a9d0-4828-9e30-56234a4d2003}</UniqueIdentifier>
    </Filter>
    <Filter Include="02.GameObjects\Terrain">
      <UniqueIdentifier>{d1e9b182-040c-4218-bb2c-423ef09b9c4f}</UniqueIdentifier>
    </Filter>
    <Filter Include="02.GameObjects\Camera">
      <UniqueIdentifier>{9f763b5c-558b-41d5-931e-bec31d162d14}</UniqueIdentifier>
    </Filter>
    <Filter Include="02.GameObjects\Monster">
      <UniqueIdentifier>{2b6c9217-b337-43ce-9ec2-02d92b76628f}</UniqueIdentifier>
    </Filter>
    <Filter Include="02.GameObjects\Map_Object">
      <UniqueIdentifier>{f5117154-5d6b-4b47-9dd0-dd6ed5d112a1}</UniqueIdentifier>
    </Filter>
    <Filter Include="02.GameObjects\Test_Object">
      <UniqueIdentifier>{78221f4b-af9d-496a-829a-f324ccd4612f}</UniqueIdentifier>
    </Filter>
    <Filter Include="02.GameObjects\Player">
      <UniqueIdentifier>{f3647f79-23fb-4882-b99c-50fc1d97408a}</UniqueIdentifier>
    </Filter>
    <Filter Include="02.GameObjects\Player\Weapon">
      <UniqueIdentifier>{ecf585f8-593b-4b94-8226-a7c24e325de0}</UniqueIdentifier>
    </Filter>
    <Filter Include="02.GameObjects\Player\State">
      <UniqueIdentifier>{97ba3871-4918-465a-bc2b-9fee34ab22e7}</UniqueIdentifier>
    </Filter>
    <Filter Include="02.GameObjects\Player\State\Player_State_Idle">
      <UniqueIdentifier>{f862aafe-68cb-4c6b-9bea-cf5a92a63d47}</UniqueIdentifier>
    </Filter>
    <Filter Include="02.GameObjects\Player\State\Player_State_Move">
      <UniqueIdentifier>{08c5cabe-327f-41ba-b989-43785bbba8cb}</UniqueIdentifier>
    </Filter>
    <Filter Include="02.GameObjects\Player\State\Player_State_Attack">
      <UniqueIdentifier>{46b1727d-d75a-41aa-8521-084da20dab3a}</UniqueIdentifier>
    </Filter>
    <Filter Include="02.GameObjects\Player\State\Player_State_Sleep">
      <UniqueIdentifier>{e2673865-0a01-4fb0-a8b6-76937d8ef0fd}</UniqueIdentifier>
    </Filter>
    <Filter Include="02.GameObjects\Player\State\Player_State_Damage">
      <UniqueIdentifier>{9b82a615-c3d4-4404-96b7-4535ca12895a}</UniqueIdentifier>
    </Filter>
    <Filter Include="02.GameObjects\Player\State\Player_State_Dodge">
      <UniqueIdentifier>{84fd44fe-f71c-47c2-8943-732d16774163}</UniqueIdentifier>
    </Filter>
    <Filter Include="02.GameObjects\Player\State\Player_State_Attack\Stick">
      <UniqueIdentifier>{16d58367-551c-4b05-9df5-921f5069d320}</UniqueIdentifier>
    </Filter>
    <Filter Include="02.GameObjects\Map">
      <UniqueIdentifier>{031b1b17-3377-48aa-b869-1d96871225aa}</UniqueIdentifier>
    </Filter>
    <Filter Include="02.GameObjects\Player\State\Player_State_Defense">
      <UniqueIdentifier>{849e987d-a147-47ac-9820-33da4485cbda}</UniqueIdentifier>
    </Filter>
    <Filter Include="02.GameObjects\Player\State\Player_State_Attack\Shotgun">
      <UniqueIdentifier>{c17feb25-b230-46c8-9a93-0473acef2c24}</UniqueIdentifier>
    </Filter>
    <Filter Include="02.GameObjects\Camera\Free">
      <UniqueIdentifier>{f623cb06-2a97-447a-857d-2f4f0432355f}</UniqueIdentifier>
    </Filter>
    <Filter Include="02.GameObjects\Player\State\Player_State_Attack\Sword">
      <UniqueIdentifier>{3f29a8fb-128a-46a5-bed6-9af3013f52b6}</UniqueIdentifier>
    </Filter>
    <Filter Include="02.GameObjects\Sky">
      <UniqueIdentifier>{50e3b214-d4eb-4390-9b63-84bd7952fa88}</UniqueIdentifier>
    </Filter>
    <Filter Include="02.GameObjects\Particle">
      <UniqueIdentifier>{ec4dc272-b385-436c-8e1d-f2da5d591754}</UniqueIdentifier>
    </Filter>
    <Filter Include="02.GameObjects\Camera\Follow">
      <UniqueIdentifier>{24d0de29-702a-4f20-8473-8ed3583fb9df}</UniqueIdentifier>
    </Filter>
    <Filter Include="02.GameObjects\Camera\LockOn">
      <UniqueIdentifier>{6a73ccd6-0076-4413-9a25-6e1f0699c07e}</UniqueIdentifier>
    </Filter>
    <Filter Include="02.GameObjects\Player\State\Player_State_LockOn">
      <UniqueIdentifier>{66e2902d-6533-43de-857f-0c364b728a9e}</UniqueIdentifier>
    </Filter>
    <Filter Include="02.GameObjects\Particle\Red">
      <UniqueIdentifier>{dd886f8f-80df-4b8c-9f82-0537f171ba09}</UniqueIdentifier>
    </Filter>
    <Filter Include="02.GameObjects\Particle\Blue">
      <UniqueIdentifier>{e2c74caa-9c9c-4229-9a34-d204834642a5}</UniqueIdentifier>
    </Filter>
    <Filter Include="02.GameObjects\Player\Weapon\Stick">
      <UniqueIdentifier>{db4ef1dc-da2b-4985-9a3f-31982737e8ea}</UniqueIdentifier>
    </Filter>
    <Filter Include="02.GameObjects\Player\Weapon\Sword">
      <UniqueIdentifier>{1ca5e47e-68cc-43d7-b6d0-0332e9e87a29}</UniqueIdentifier>
    </Filter>
    <Filter Include="02.GameObjects\Player\Weapon\Shield">
      <UniqueIdentifier>{7cd24b3c-5788-4510-98f1-660c0e43517c}</UniqueIdentifier>
    </Filter>
    <Filter Include="02.GameObjects\Player\Weapon\Wand">
      <UniqueIdentifier>{37643b08-d04c-4c51-a883-b824f0fc0c39}</UniqueIdentifier>
    </Filter>
    <Filter Include="02.GameObjects\Monster\Boss">
      <UniqueIdentifier>{897299d7-27c1-4f59-be53-67a43f98fadf}</UniqueIdentifier>
    </Filter>
    <Filter Include="02.GameObjects\Monster\Boss\Librarian">
      <UniqueIdentifier>{49c4a1ac-7a6e-4fe9-904d-fca2465b9f7c}</UniqueIdentifier>
    </Filter>
    <Filter Include="02.GameObjects\Monster\Boss\Librarian\Weapon">
      <UniqueIdentifier>{209a2471-af3c-41d3-a91c-818c62c4b719}</UniqueIdentifier>
    </Filter>
    <Filter Include="02.GameObjects\Monster\Boss\Librarian\State">
      <UniqueIdentifier>{2c18f7e4-a29f-4583-be0e-7e9610a30b26}</UniqueIdentifier>
    </Filter>
    <Filter Include="02.GameObjects\Monster\Boss\Librarian\State\Librarian_State_Pattern">
      <UniqueIdentifier>{6505fc6b-94ce-410a-b08c-4b80f94ec51b}</UniqueIdentifier>
    </Filter>
    <Filter Include="02.GameObjects\Monster\Boss\Librarian\State\Librarian_State_Pattern\Librarian_State_Pattern_Lightning_Warp">
      <UniqueIdentifier>{a46559ee-e43b-4c07-bf71-3dbfc60b7f87}</UniqueIdentifier>
    </Filter>
    <Filter Include="02.GameObjects\Monster\Boss\Librarian\State\Librarian_State_Pattern\Librarian_State_Pattern_Energy_Wave">
      <UniqueIdentifier>{3098d494-0bbb-40b7-b615-7d9881701465}</UniqueIdentifier>
    </Filter>
    <Filter Include="02.GameObjects\Monster\Boss\Librarian\State\Librarian_State_Pattern\Librarian_State_Pattern_Lunge_Swipe">
      <UniqueIdentifier>{ff0ec93a-bb6d-4e99-966e-fef278117b87}</UniqueIdentifier>
    </Filter>
    <Filter Include="02.GameObjects\Monster\Boss\Librarian\State\Librarian_State_Pattern\Librarian_State_Pattern_Homing_Orbs">
      <UniqueIdentifier>{9be00ffb-03b1-4627-bcb0-efb3c2468f6d}</UniqueIdentifier>
    </Filter>
    <Filter Include="02.GameObjects\Monster\Boss\Librarian\State\Librarian_State_Pattern\Librarian_State_Pattern_Energy_Beam">
      <UniqueIdentifier>{9774b780-8a5a-4b20-91a4-1bef2117d443}</UniqueIdentifier>
    </Filter>
    <Filter Include="02.GameObjects\Monster\Boss\Librarian\State\Librarian_State_Entry">
      <UniqueIdentifier>{50569d9d-5393-4a25-aae2-576247f252c4}</UniqueIdentifier>
    </Filter>
    <Filter Include="02.GameObjects\Monster\Boss\Librarian\State\Librarian_State_Melee">
      <UniqueIdentifier>{ffa77168-fdd3-4222-b48c-13ca2b83ad6b}</UniqueIdentifier>
    </Filter>
    <Filter Include="02.GameObjects\Monster\Boss\Librarian\State\Librarian_State_Damage">
      <UniqueIdentifier>{e2c63c83-8731-488b-b9ee-ffada8424da8}</UniqueIdentifier>
    </Filter>
    <Filter Include="02.GameObjects\Monster\Boss\Librarian\State\Librarian_State_Idle">
      <UniqueIdentifier>{f1e455c6-5ae6-4840-8b64-f5748cb24d1c}</UniqueIdentifier>
    </Filter>
    <Filter Include="02.GameObjects\Monster\Boss\Librarian\Effect">
      <UniqueIdentifier>{6d75fe49-5a44-4908-8707-52acca1c3e4f}</UniqueIdentifier>
    </Filter>
    <Filter Include="02.GameObjects\Monster\Boss\Librarian\Effect\Attack_Slash">
      <UniqueIdentifier>{e4eee54f-ad61-43c5-8b9f-2572423b0dcf}</UniqueIdentifier>
    </Filter>
    <Filter Include="02.GameObjects\Monster\Boss\Librarian\Effect\Attack_Orb">
      <UniqueIdentifier>{7594749e-f67e-4f0b-9940-f2856be813f6}</UniqueIdentifier>
    </Filter>
    <Filter Include="02.GameObjects\Monster\Boss\Librarian\Effect\Attack_Beam">
      <UniqueIdentifier>{078b618a-de74-4e2f-a123-c2d8ab3d6101}</UniqueIdentifier>
    </Filter>
    <Filter Include="02.GameObjects\Monster\Normal">
      <UniqueIdentifier>{c605a9ec-f493-429c-9072-d8507958f265}</UniqueIdentifier>
    </Filter>
    <Filter Include="02.GameObjects\Monster\Normal\CowBot">
      <UniqueIdentifier>{ef38fa83-fa3f-47f4-84eb-706c59b97437}</UniqueIdentifier>
    </Filter>
    <Filter Include="02.GameObjects\Monster\Normal\CowBot\Weapon">
      <UniqueIdentifier>{7b6794b0-2560-4c09-a107-495bd6ac9538}</UniqueIdentifier>
    </Filter>
    <Filter Include="02.GameObjects\Monster\Normal\CowBot\State">
      <UniqueIdentifier>{376da532-3c5d-4273-9d6f-7e1231e1d939}</UniqueIdentifier>
    </Filter>
    <Filter Include="02.GameObjects\Monster\Normal\CowBot\State\CowBot_State_Idle">
      <UniqueIdentifier>{105600b3-c915-4352-b166-0a3f9681ed4c}</UniqueIdentifier>
    </Filter>
    <Filter Include="02.GameObjects\Monster\Normal\CowBot\State\CowBot_State_Walk">
      <UniqueIdentifier>{5b09d303-0a0a-4347-9589-21b780b0a4d2}</UniqueIdentifier>
    </Filter>
    <Filter Include="02.GameObjects\Monster\Normal\CowBot\State\CowBot_State_Run">
      <UniqueIdentifier>{5e11e5d9-8162-419c-bb8f-97084c567494}</UniqueIdentifier>
    </Filter>
    <Filter Include="02.GameObjects\Monster\Normal\CowBot\State\CowBot_State_Attack">
      <UniqueIdentifier>{a82502a2-c301-4174-a11c-2bd22e3b899f}</UniqueIdentifier>
    </Filter>
    <Filter Include="02.GameObjects\Monster\Normal\CowBot\State\CowBot_State_Damage">
      <UniqueIdentifier>{bdd61f62-7dc2-4dd9-a589-2587beaca30f}</UniqueIdentifier>
    </Filter>
    <Filter Include="02.GameObjects\Monster\Normal\CowBot\State\CowBot_State_Die">
      <UniqueIdentifier>{ec7f0ca1-9abb-4d48-8801-249f2da14fed}</UniqueIdentifier>
    </Filter>
    <Filter Include="02.GameObjects\Monster\Normal\Blob">
      <UniqueIdentifier>{73f9cadf-21c1-4bd4-b899-239acb2ce1a5}</UniqueIdentifier>
    </Filter>
    <Filter Include="02.GameObjects\Monster\Normal\Blob\State">
      <UniqueIdentifier>{d63cca31-b662-43f5-8895-ee1cb8373517}</UniqueIdentifier>
    </Filter>
    <Filter Include="02.GameObjects\Monster\Normal\Blob\State\Blob_State_Idle">
      <UniqueIdentifier>{f9d53d45-a0aa-4e11-8e38-15bce175f515}</UniqueIdentifier>
    </Filter>
    <Filter Include="02.GameObjects\Monster\Normal\Blob\State\Blob_State_Attack">
      <UniqueIdentifier>{f9380d26-1d03-4ef4-88b6-9b8d56d5e2a0}</UniqueIdentifier>
    </Filter>
    <Filter Include="02.GameObjects\Monster\Normal\Blob\State\Blob_State_Jump">
      <UniqueIdentifier>{a9c9c287-1f6c-436c-b0af-9c34a46f5ffb}</UniqueIdentifier>
    </Filter>
    <Filter Include="02.GameObjects\Monster\Normal\Bat">
      <UniqueIdentifier>{7545205d-c41f-4b60-9e91-5cd5082c105a}</UniqueIdentifier>
    </Filter>
    <Filter Include="02.GameObjects\Monster\Normal\Bat\State">
      <UniqueIdentifier>{ec30c5e1-d106-4174-adc0-0f535f6b40ce}</UniqueIdentifier>
    </Filter>
    <Filter Include="02.GameObjects\Monster\Normal\Bat\State\Bat_State_Attack">
      <UniqueIdentifier>{3153a07f-6baa-4fbd-a076-1d18c259c7a1}</UniqueIdentifier>
    </Filter>
    <Filter Include="02.GameObjects\Monster\Normal\Bat\State\Bat_State_Idle">
      <UniqueIdentifier>{dd566aa8-f3c2-4fa0-8d99-6ab57fde7562}</UniqueIdentifier>
    </Filter>
    <Filter Include="02.GameObjects\Monster\Normal\Bat\State\Bat_State_Damage">
      <UniqueIdentifier>{a59f6cd3-3e9d-498e-b1ad-e3852c971c69}</UniqueIdentifier>
    </Filter>
    <Filter Include="02.GameObjects\Monster\Normal\Bat\State\Bat_State_Sleep">
      <UniqueIdentifier>{cf91c7c5-9ef7-4ed3-9722-15f4602b7c17}</UniqueIdentifier>
    </Filter>
    <Filter Include="02.GameObjects\Monster\Normal\Spinner">
      <UniqueIdentifier>{eb03094e-9d00-48b5-ae70-27d8ccc5b380}</UniqueIdentifier>
    </Filter>
    <Filter Include="02.GameObjects\Monster\Normal\Spinner\State">
      <UniqueIdentifier>{f7832c3d-7170-467c-a044-e9a7b3a2ba88}</UniqueIdentifier>
    </Filter>
    <Filter Include="02.GameObjects\Monster\Normal\Spinner\State\Spinner_State_Attack">
      <UniqueIdentifier>{7c3668d4-5049-4d76-9703-7f620e1711b4}</UniqueIdentifier>
    </Filter>
    <Filter Include="02.GameObjects\Monster\Normal\Spinner\State\Spinner_State_Damage">
      <UniqueIdentifier>{8ce45d75-e715-4b45-8471-92c9de3d7b65}</UniqueIdentifier>
    </Filter>
    <Filter Include="02.GameObjects\Monster\Normal\Spinner\State\Spinner_State_Explode">
      <UniqueIdentifier>{bbd423ae-c951-4e3c-9084-04393851b7ac}</UniqueIdentifier>
    </Filter>
    <Filter Include="02.GameObjects\Monster\Normal\Spinner\State\Spinner_State_Hidden">
      <UniqueIdentifier>{73c99384-5e55-471c-8c30-d36b535dbfc0}</UniqueIdentifier>
    </Filter>
    <Filter Include="02.GameObjects\Monster\Normal\Spinner\State\Spinner_State_Idle">
      <UniqueIdentifier>{9685b98d-856f-4d7d-83e6-d4a4a427c9b1}</UniqueIdentifier>
    </Filter>
    <Filter Include="02.GameObjects\Monster\Normal\Frog">
      <UniqueIdentifier>{e01f5b6e-2628-431e-9f1b-4571c1f85313}</UniqueIdentifier>
    </Filter>
    <Filter Include="02.GameObjects\Monster\Normal\Frog\Weapon">
      <UniqueIdentifier>{8b556c1a-2f3a-4981-8867-35e197265607}</UniqueIdentifier>
    </Filter>
    <Filter Include="02.GameObjects\Monster\Normal\Guard">
      <UniqueIdentifier>{a8efbb23-51f1-4b26-86b8-4aec55177e3c}</UniqueIdentifier>
    </Filter>
    <Filter Include="02.GameObjects\Monster\Normal\Guard\Weapon">
      <UniqueIdentifier>{bece2eba-a27d-4aed-9e14-5901c30eb7e4}</UniqueIdentifier>
    </Filter>
    <Filter Include="02.GameObjects\Monster\Normal\Guard\Weapon\Spear">
      <UniqueIdentifier>{6050521e-dd34-40a0-af54-432d4e91ef6b}</UniqueIdentifier>
    </Filter>
    <Filter Include="02.GameObjects\Monster\Normal\Guard\Weapon\Shield">
      <UniqueIdentifier>{373ddcc2-1316-45b0-a1c8-b54455179951}</UniqueIdentifier>
    </Filter>
    <Filter Include="02.GameObjects\Monster\Normal\Guard\State">
      <UniqueIdentifier>{4f8bc01a-1ba2-4ae1-b599-6213ca5ba808}</UniqueIdentifier>
    </Filter>
    <Filter Include="02.GameObjects\Monster\Normal\Guard\State\Guard_State_Idle">
      <UniqueIdentifier>{c84cfff2-a0d5-4297-ac0f-2001f6d95e24}</UniqueIdentifier>
    </Filter>
    <Filter Include="02.GameObjects\Monster\Normal\Guard\State\Guard_State_Aggro">
      <UniqueIdentifier>{edefcc76-d35c-4a31-bac5-2b5b8432adb6}</UniqueIdentifier>
    </Filter>
    <Filter Include="02.GameObjects\Monster\Normal\Guard\State\Guard_State_Block">
      <UniqueIdentifier>{ecbdc902-095a-4e2b-b50e-0621e4a617b1}</UniqueIdentifier>
    </Filter>
    <Filter Include="02.GameObjects\Monster\Normal\Guard\State\Guard_State_Damage">
      <UniqueIdentifier>{ee339859-1669-433b-a467-f605022e7638}</UniqueIdentifier>
    </Filter>
    <Filter Include="02.GameObjects\Monster\Normal\Guard\State\Guard_State_Die">
      <UniqueIdentifier>{07340f62-4025-4b57-9b0f-f47f42719dd5}</UniqueIdentifier>
    </Filter>
    <Filter Include="02.GameObjects\UI">
      <UniqueIdentifier>{1154f129-f419-4b19-9fb7-e2a78db47af3}</UniqueIdentifier>
    </Filter>
    <Filter Include="02.GameObjects\UI\STAT">
      <UniqueIdentifier>{215557e8-573c-4509-aa95-14f793d928a0}</UniqueIdentifier>
    </Filter>
    <Filter Include="02.GameObjects\Player\State\Player_State_Attack\Wand">
      <UniqueIdentifier>{8b76db03-5edb-449a-a909-d4692da8b84e}</UniqueIdentifier>
    </Filter>
    <Filter Include="02.GameObjects\Player\Weapon\Wand\Beam">
      <UniqueIdentifier>{3dc829cd-19b4-4acd-b5ba-3dc1fff70021}</UniqueIdentifier>
    </Filter>
    <Filter Include="02.GameObjects\Monster\Boss\Librarian\State\Librarian_State_Die">
      <UniqueIdentifier>{dc5eaec5-90fc-40cd-a408-1b8896891ab6}</UniqueIdentifier>
    </Filter>
    <Filter Include="02.GameObjects\UI\Inventory">
      <UniqueIdentifier>{9e8827d4-db19-4192-98a5-af24b4867e5c}</UniqueIdentifier>
    </Filter>
    <Filter Include="99.Defines">
      <UniqueIdentifier>{ce854a45-6a35-475d-8655-cb379d1be032}</UniqueIdentifier>
    </Filter>
    <Filter Include="02.GameObjects\Player\Inventory">
      <UniqueIdentifier>{5deb4180-e774-499c-92ce-20dcc0462bab}</UniqueIdentifier>
    </Filter>
    <Filter Include="02.GameObjects\UI\Inventory\Slot">
      <UniqueIdentifier>{b0324e02-d54b-480c-bd56-3909978e6f50}</UniqueIdentifier>
    </Filter>
    <Filter Include="02.GameObjects\BlendEffect">
      <UniqueIdentifier>{9cf28ec4-c60a-4376-b0ec-962bc53870b5}</UniqueIdentifier>
    </Filter>
    <Filter Include="02.GameObjects\Interactive">
      <UniqueIdentifier>{a0ebc856-b30e-462d-b89e-29c73f948459}</UniqueIdentifier>
    </Filter>
    <Filter Include="02.GameObjects\Interactive\Chest">
      <UniqueIdentifier>{f03c9fe8-55d8-4b12-ac45-efd9c319a873}</UniqueIdentifier>
    </Filter>
    <Filter Include="02.GameObjects\UI\Inventory\Item">
      <UniqueIdentifier>{a33c104e-c6cc-4e8e-9610-01b877be796f}</UniqueIdentifier>
    </Filter>
    <Filter Include="02.GameObjects\Player\State\Player_State_Open">
      <UniqueIdentifier>{b813240f-f849-4984-bf03-37744c3714fd}</UniqueIdentifier>
    </Filter>
    <Filter Include="02.GameObjects\NPC">
      <UniqueIdentifier>{886347fd-e7de-443b-9586-ea3e3b1c43c3}</UniqueIdentifier>
    </Filter>
    <Filter Include="02.GameObjects\NPC\Merchant">
      <UniqueIdentifier>{22f605ce-5f05-49b9-8a19-8b7fd441eeb0}</UniqueIdentifier>
    </Filter>
    <Filter Include="02.GameObjects\NPC\Merchant\State">
      <UniqueIdentifier>{58fe8369-4f95-4ddf-afbc-c1ed71dadb98}</UniqueIdentifier>
    </Filter>
    <Filter Include="02.GameObjects\NPC\Merchant\State\Merchant_State_Hidden">
      <UniqueIdentifier>{60624781-5f9f-4582-bf2d-f36ebc02c2ff}</UniqueIdentifier>
    </Filter>
    <Filter Include="02.GameObjects\NPC\Merchant\State\Merchant_State_Idle">
      <UniqueIdentifier>{dc14952a-5469-42a0-a1a2-2f2d7b9ceb16}</UniqueIdentifier>
    </Filter>
    <Filter Include="02.GameObjects\NPC\Merchant\State\Merchant_State_Thankyou">
      <UniqueIdentifier>{d08dfba6-3c31-4629-9339-75e1e83e5c9f}</UniqueIdentifier>
    </Filter>
    <Filter Include="02.GameObjects\Interactive\Item">
      <UniqueIdentifier>{b57d377b-7888-4a7b-8995-56d07b799a37}</UniqueIdentifier>
    </Filter>
    <Filter Include="02.GameObjects\UI\Item">
      <UniqueIdentifier>{ed1473b2-e4ad-45b3-9b20-36c44049b846}</UniqueIdentifier>
    </Filter>
    <Filter Include="02.GameObjects\UI\Item\Purchase">
      <UniqueIdentifier>{e3c67a90-2fef-4e42-8c32-69f63ad37e23}</UniqueIdentifier>
    </Filter>
    <Filter Include="02.GameObjects\UI\Item\Obtain">
      <UniqueIdentifier>{fc1e9556-ed71-46ba-8a9b-2a0e5b741425}</UniqueIdentifier>
    </Filter>
    <Filter Include="02.GameObjects\Interactive\Telescope">
      <UniqueIdentifier>{539257c3-cdfe-4a40-bdf9-4f75987a649c}</UniqueIdentifier>
    </Filter>
    <Filter Include="02.GameObjects\UI\Interactive">
      <UniqueIdentifier>{c9257a0a-7e9d-41be-985e-fc41746df9f1}</UniqueIdentifier>
    </Filter>
    <Filter Include="02.GameObjects\Camera\Puzzle">
      <UniqueIdentifier>{967a295c-e77c-4088-931f-8ce8b29d2700}</UniqueIdentifier>
    </Filter>
    <Filter Include="02.GameObjects\Interactive\ColliderBox">
      <UniqueIdentifier>{ff9984cc-244c-4e56-8da2-82f813454897}</UniqueIdentifier>
    </Filter>
    <Filter Include="02.GameObjects\Interactive\Ladder">
      <UniqueIdentifier>{c023dd7a-cc52-4a4f-b671-0516d9ada9ee}</UniqueIdentifier>
    </Filter>
    <Filter Include="02.GameObjects\Camera\Top">
      <UniqueIdentifier>{4bbb0626-b70b-4e83-9f6f-5232026270a3}</UniqueIdentifier>
    </Filter>
    <Filter Include="02.GameObjects\Player\State\Map_Puzzle">
      <UniqueIdentifier>{e9d0a0a2-d694-4227-b374-4fcb26d9013a}</UniqueIdentifier>
    </Filter>
    <Filter Include="02.GameObjects\Player\State\Map_Puzzle\Player_State_Puzzle">
      <UniqueIdentifier>{edf908d2-2283-4ba4-8750-fd3990e5a5cd}</UniqueIdentifier>
    </Filter>
    <Filter Include="02.GameObjects\Player\State\Map_Puzzle\Player_State_Climb">
      <UniqueIdentifier>{86043aba-57c0-4d85-abaf-632715767442}</UniqueIdentifier>
    </Filter>
    <Filter Include="02.GameObjects\Player\State\Map_Puzzle\Player_State_Top">
      <UniqueIdentifier>{feaa12ec-593d-472b-b839-4c3e970ad904}</UniqueIdentifier>
    </Filter>
    <Filter Include="02.GameObjects\UI\Arrow">
      <UniqueIdentifier>{4c8deedf-59a5-4b06-a851-443489c4d880}</UniqueIdentifier>
    </Filter>
    <Filter Include="02.GameObjects\Player\State\Player_State_Telescope">
      <UniqueIdentifier>{47d6d0d6-3589-4873-a752-7b2c0ba81bd5}</UniqueIdentifier>
    </Filter>
    <Filter Include="02.GameObjects\Camera\Telescope">
      <UniqueIdentifier>{3fceaaf6-6472-419b-a8d8-7d0fd7616e85}</UniqueIdentifier>
    </Filter>
    <Filter Include="01.Levels\Origin">
      <UniqueIdentifier>{729288d5-d5f1-448a-baf9-bc00f60af498}</UniqueIdentifier>
    </Filter>
    <Filter Include="01.Levels\Origin\Logo">
      <UniqueIdentifier>{7fa67ac9-2f2d-435f-bf35-849f5cbedd3c}</UniqueIdentifier>
    </Filter>
    <Filter Include="01.Levels\Origin\GamePlay">
      <UniqueIdentifier>{8b1d5579-1fb9-493c-96b9-62d618153e5d}</UniqueIdentifier>
    </Filter>
    <Filter Include="01.Levels\Origin\GamePlay\ImGui">
      <UniqueIdentifier>{f7a982f9-8768-47df-b8b3-62f7a1b3ea73}</UniqueIdentifier>
    </Filter>
    <Filter Include="01.Levels\Origin\GamePlay\ImGui\Editor">
      <UniqueIdentifier>{c935ff74-7069-4514-b0ef-3bab9e8aa64d}</UniqueIdentifier>
    </Filter>
    <Filter Include="01.Levels\TUNIC">
      <UniqueIdentifier>{f8371271-87af-449a-8cf9-9bc62fa68511}</UniqueIdentifier>
    </Filter>
    <Filter Include="01.Levels\TUNIC\LEVEL_MENU">
      <UniqueIdentifier>{f6e0685c-3622-4859-945e-933e03cffabc}</UniqueIdentifier>
    </Filter>
    <Filter Include="01.Levels\TUNIC\LEVEL_BEACH">
      <UniqueIdentifier>{6de2e0ff-5b39-41c6-8635-0668e162bf63}</UniqueIdentifier>
    </Filter>
    <Filter Include="01.Levels\TUNIC\LEVEL_SHOP">
      <UniqueIdentifier>{20151947-ea0e-40c6-96f5-c567ae9448f5}</UniqueIdentifier>
    </Filter>
    <Filter Include="01.Levels\TUNIC\LEVEL_PUZZLE">
      <UniqueIdentifier>{53b88f12-bad9-44c1-a810-f2559abe20d5}</UniqueIdentifier>
    </Filter>
    <Filter Include="01.Levels\TUNIC\LEVEL_BOSS">
      <UniqueIdentifier>{394ad50f-90b7-43cc-84a2-e9b164c86c9c}</UniqueIdentifier>
    </Filter>
  </ItemGroup>
  <ItemGroup>
    <ClInclude Include="Client.h">
      <Filter>98.Default</Filter>
    </ClInclude>
    <ClInclude Include="Resource.h">
      <Filter>98.Default</Filter>
    </ClInclude>
    <ClInclude Include="targetver.h">
      <Filter>98.Default</Filter>
    </ClInclude>
    <ClInclude Include="..\public\MainApp.h">
      <Filter>00.MainApp</Filter>
    </ClInclude>
    <ClInclude Include="..\Public\Level_GamePlay.h">
      <Filter>01.Levels\Origin\GamePlay</Filter>
    </ClInclude>
    <ClInclude Include="..\Public\Level_Loading.h">
      <Filter>01.Levels\Loading</Filter>
    </ClInclude>
    <ClInclude Include="..\Public\Level_Logo.h">
      <Filter>01.Levels\Origin\Logo</Filter>
    </ClInclude>
    <ClInclude Include="..\Public\Loader.h">
      <Filter>01.Levels\Loading\Loader</Filter>
    </ClInclude>
    <ClInclude Include="..\public\BackGround.h">
      <Filter>02.GameObjects\BackGround</Filter>
    </ClInclude>
    <ClInclude Include="stdafx.h">
      <Filter>98.Default</Filter>
    </ClInclude>
    <ClInclude Include="..\Public\Terrain.h">
      <Filter>02.GameObjects\Terrain</Filter>
    </ClInclude>
    <ClInclude Include="..\Public\Monster.h">
      <Filter>02.GameObjects\Monster</Filter>
    </ClInclude>
    <ClInclude Include="..\Public\Client_Defines.h">
      <Filter>99.Defines</Filter>
    </ClInclude>
    <ClInclude Include="..\Public\Map_Object.h">
      <Filter>02.GameObjects\Map_Object</Filter>
    </ClInclude>
    <ClInclude Include="..\Public\Test_Object.h">
      <Filter>02.GameObjects\Test_Object</Filter>
    </ClInclude>
    <ClInclude Include="..\Public\Player.h">
      <Filter>02.GameObjects\Player</Filter>
    </ClInclude>
    <ClInclude Include="Anim_List.h">
      <Filter>99.Defines</Filter>
    </ClInclude>
    <ClInclude Include="..\Public\Editor.h">
      <Filter>01.Levels\Origin\GamePlay\ImGui\Editor</Filter>
    </ClInclude>
    <ClInclude Include="..\Public\Player_Weapon.h">
      <Filter>02.GameObjects\Player\Weapon</Filter>
    </ClInclude>
    <ClInclude Include="..\Public\Player_State_Idle.h">
      <Filter>02.GameObjects\Player\State\Player_State_Idle</Filter>
    </ClInclude>
    <ClInclude Include="..\Public\Player_State_Move.h">
      <Filter>02.GameObjects\Player\State\Player_State_Move</Filter>
    </ClInclude>
    <ClInclude Include="..\Public\Player_State_Attack.h">
      <Filter>02.GameObjects\Player\State\Player_State_Attack</Filter>
    </ClInclude>
    <ClInclude Include="..\Public\Player_State_Sleep.h">
      <Filter>02.GameObjects\Player\State\Player_State_Sleep</Filter>
    </ClInclude>
    <ClInclude Include="..\Public\Player_State_Damage.h">
      <Filter>02.GameObjects\Player\State\Player_State_Damage</Filter>
    </ClInclude>
    <ClInclude Include="..\Public\Player_State_Dodge.h">
      <Filter>02.GameObjects\Player\State\Player_State_Dodge</Filter>
    </ClInclude>
    <ClInclude Include="..\Public\Player_State_Attack_Stick.h">
      <Filter>02.GameObjects\Player\State\Player_State_Attack\Stick</Filter>
    </ClInclude>
    <ClInclude Include="..\Public\Map.h">
      <Filter>02.GameObjects\Map</Filter>
    </ClInclude>
    <ClInclude Include="Bone_List.h">
      <Filter>99.Defines</Filter>
    </ClInclude>
    <ClInclude Include="..\Public\Player_State_Defense.h">
      <Filter>02.GameObjects\Player\State\Player_State_Defense</Filter>
    </ClInclude>
    <ClInclude Include="..\Public\Player_State_Attack_Shotgun.h">
      <Filter>02.GameObjects\Player\State\Player_State_Attack\Shotgun</Filter>
    </ClInclude>
    <ClInclude Include="..\Public\Camera_Free.h">
      <Filter>02.GameObjects\Camera\Free</Filter>
    </ClInclude>
    <ClInclude Include="..\Public\Camera_Follow.h">
      <Filter>02.GameObjects\Camera\Follow</Filter>
    </ClInclude>
    <ClInclude Include="..\Public\Player_State_Attack_Sword.h">
      <Filter>02.GameObjects\Player\State\Player_State_Attack\Sword</Filter>
    </ClInclude>
    <ClInclude Include="..\Public\Monster_Spinner.h">
      <Filter>02.GameObjects\Monster\Normal\Spinner</Filter>
    </ClInclude>
    <ClInclude Include="..\Public\Spinner_State_Idle.h">
      <Filter>02.GameObjects\Monster\Normal\Spinner\State\Spinner_State_Idle</Filter>
    </ClInclude>
    <ClInclude Include="..\Public\Spinner_State_Hidden.h">
      <Filter>02.GameObjects\Monster\Normal\Spinner\State\Spinner_State_Hidden</Filter>
    </ClInclude>
    <ClInclude Include="..\Public\Spinner_State_Explode.h">
      <Filter>02.GameObjects\Monster\Normal\Spinner\State\Spinner_State_Explode</Filter>
    </ClInclude>
    <ClInclude Include="..\Public\Spinner_State_Damage.h">
      <Filter>02.GameObjects\Monster\Normal\Spinner\State\Spinner_State_Damage</Filter>
    </ClInclude>
    <ClInclude Include="..\Public\Spinner_State_Attack.h">
      <Filter>02.GameObjects\Monster\Normal\Spinner\State\Spinner_State_Attack</Filter>
    </ClInclude>
    <ClInclude Include="..\Public\Monster_Blob.h">
      <Filter>02.GameObjects\Monster\Normal\Blob</Filter>
    </ClInclude>
    <ClInclude Include="..\Public\Blob_State_Idle.h">
      <Filter>02.GameObjects\Monster\Normal\Blob\State\Blob_State_Idle</Filter>
    </ClInclude>
    <ClInclude Include="..\Public\Blob_State_Attack.h">
      <Filter>02.GameObjects\Monster\Normal\Blob\State\Blob_State_Attack</Filter>
    </ClInclude>
    <ClInclude Include="..\Public\Blob_State_Jump.h">
      <Filter>02.GameObjects\Monster\Normal\Blob\State\Blob_State_Jump</Filter>
    </ClInclude>
    <ClInclude Include="..\Public\Monster_Bat.h">
      <Filter>02.GameObjects\Monster\Normal\Bat</Filter>
    </ClInclude>
    <ClInclude Include="..\Public\Bat_State_Sleep.h">
      <Filter>02.GameObjects\Monster\Normal\Bat\State\Bat_State_Sleep</Filter>
    </ClInclude>
    <ClInclude Include="..\Public\Bat_State_Damage.h">
      <Filter>02.GameObjects\Monster\Normal\Bat\State\Bat_State_Damage</Filter>
    </ClInclude>
    <ClInclude Include="..\Public\Bat_State_Idle.h">
      <Filter>02.GameObjects\Monster\Normal\Bat\State\Bat_State_Idle</Filter>
    </ClInclude>
    <ClInclude Include="..\Public\Bat_State_Attack.h">
      <Filter>02.GameObjects\Monster\Normal\Bat\State\Bat_State_Attack</Filter>
    </ClInclude>
    <ClInclude Include="..\Public\Sky.h">
      <Filter>02.GameObjects\Sky</Filter>
    </ClInclude>
    <ClInclude Include="..\Public\Particle_Blue.h">
      <Filter>02.GameObjects\Particle\Blue</Filter>
    </ClInclude>
    <ClInclude Include="..\Public\Camera_LockOn.h">
      <Filter>02.GameObjects\Camera\LockOn</Filter>
    </ClInclude>
    <ClInclude Include="..\Public\Player_State_LockOn.h">
      <Filter>02.GameObjects\Player\State\Player_State_LockOn</Filter>
    </ClInclude>
    <ClInclude Include="..\Public\Monster_CowBot.h">
      <Filter>02.GameObjects\Monster\Normal\CowBot</Filter>
    </ClInclude>
    <ClInclude Include="..\Public\CowBot_Weapon.h">
      <Filter>02.GameObjects\Monster\Normal\CowBot\Weapon</Filter>
    </ClInclude>
    <ClInclude Include="..\Public\CowBot_State_Idle.h">
      <Filter>02.GameObjects\Monster\Normal\CowBot\State\CowBot_State_Idle</Filter>
    </ClInclude>
    <ClInclude Include="..\Public\CowBot_State_Walk.h">
      <Filter>02.GameObjects\Monster\Normal\CowBot\State\CowBot_State_Walk</Filter>
    </ClInclude>
    <ClInclude Include="..\Public\CowBot_State_Run.h">
      <Filter>02.GameObjects\Monster\Normal\CowBot\State\CowBot_State_Run</Filter>
    </ClInclude>
    <ClInclude Include="..\Public\CowBot_State_Attack.h">
      <Filter>02.GameObjects\Monster\Normal\CowBot\State\CowBot_State_Attack</Filter>
    </ClInclude>
    <ClInclude Include="..\Public\Particle_Red.h">
      <Filter>02.GameObjects\Particle\Red</Filter>
    </ClInclude>
    <ClInclude Include="..\Public\Monster_Librarian.h">
      <Filter>02.GameObjects\Monster\Boss\Librarian</Filter>
    </ClInclude>
    <ClInclude Include="..\Public\Librarian_Weapon.h">
      <Filter>02.GameObjects\Monster\Boss\Librarian\Weapon</Filter>
    </ClInclude>
    <ClInclude Include="..\Public\Librarian_State_Pattern_Lightning_Warp.h">
      <Filter>02.GameObjects\Monster\Boss\Librarian\State\Librarian_State_Pattern\Librarian_State_Pattern_Lightning_Warp</Filter>
    </ClInclude>
    <ClInclude Include="..\Public\Effect_Librarian.h">
      <Filter>02.GameObjects\Monster\Boss\Librarian\Effect</Filter>
    </ClInclude>
    <ClInclude Include="..\Public\Librarian_Effect_Slash.h">
      <Filter>02.GameObjects\Monster\Boss\Librarian\Effect\Attack_Slash</Filter>
    </ClInclude>
    <ClInclude Include="..\Public\Librarian_State_Pattern_Energy_Wave.h">
      <Filter>02.GameObjects\Monster\Boss\Librarian\State\Librarian_State_Pattern\Librarian_State_Pattern_Energy_Wave</Filter>
    </ClInclude>
    <ClInclude Include="..\Public\Librarian_State_Pattern_Lunge_Swipe.h">
      <Filter>02.GameObjects\Monster\Boss\Librarian\State\Librarian_State_Pattern\Librarian_State_Pattern_Lunge_Swipe</Filter>
    </ClInclude>
    <ClInclude Include="..\Public\Librarian_Effect_Orb.h">
      <Filter>02.GameObjects\Monster\Boss\Librarian\Effect\Attack_Orb</Filter>
    </ClInclude>
    <ClInclude Include="Monster_Anim_List.h">
      <Filter>99.Defines</Filter>
    </ClInclude>
    <ClInclude Include="..\Public\Librarian_State_Pattern_Homing_Orbs.h">
      <Filter>02.GameObjects\Monster\Boss\Librarian\State\Librarian_State_Pattern\Librarian_State_Pattern_Homing_Orbs</Filter>
    </ClInclude>
    <ClInclude Include="..\Public\Librarian_State_Idle.h">
      <Filter>02.GameObjects\Monster\Boss\Librarian\State\Librarian_State_Idle</Filter>
    </ClInclude>
    <ClInclude Include="..\Public\Librarian_State_Entry.h">
      <Filter>02.GameObjects\Monster\Boss\Librarian\State\Librarian_State_Entry</Filter>
    </ClInclude>
    <ClInclude Include="..\Public\Librarian_Effect_Beam.h">
      <Filter>02.GameObjects\Monster\Boss\Librarian\Effect\Attack_Beam</Filter>
    </ClInclude>
    <ClInclude Include="..\Public\Librarian_State_Pattern_Energy_Beam.h">
      <Filter>02.GameObjects\Monster\Boss\Librarian\State\Librarian_State_Pattern\Librarian_State_Pattern_Energy_Beam</Filter>
    </ClInclude>
    <ClInclude Include="..\Public\Librarian_State_Melee.h">
      <Filter>02.GameObjects\Monster\Boss\Librarian\State\Librarian_State_Melee</Filter>
    </ClInclude>
    <ClInclude Include="..\Public\Weapon_Stick.h">
      <Filter>02.GameObjects\Player\Weapon\Stick</Filter>
    </ClInclude>
    <ClInclude Include="..\Public\Weapon_Sword.h">
      <Filter>02.GameObjects\Player\Weapon\Sword</Filter>
    </ClInclude>
    <ClInclude Include="..\Public\Weapon_Shield.h">
      <Filter>02.GameObjects\Player\Weapon\Shield</Filter>
    </ClInclude>
    <ClInclude Include="..\Public\Librarian_State_Damage.h">
      <Filter>02.GameObjects\Monster\Boss\Librarian\State\Librarian_State_Damage</Filter>
    </ClInclude>
    <ClInclude Include="..\Public\CowBot_State_Damage.h">
      <Filter>02.GameObjects\Monster\Normal\CowBot\State\CowBot_State_Damage</Filter>
    </ClInclude>
    <ClInclude Include="..\Public\CowBot_State_Die.h">
      <Filter>02.GameObjects\Monster\Normal\CowBot\State\CowBot_State_Die</Filter>
    </ClInclude>
    <ClInclude Include="..\Public\Monster_Frog.h">
      <Filter>02.GameObjects\Monster\Normal\Frog</Filter>
    </ClInclude>
    <ClInclude Include="..\Public\Frog_Weapon.h">
      <Filter>02.GameObjects\Monster\Normal\Frog\Weapon</Filter>
    </ClInclude>
    <ClInclude Include="..\Public\Monster_Guard.h">
      <Filter>02.GameObjects\Monster\Normal\Guard</Filter>
    </ClInclude>
    <ClInclude Include="..\Public\Guard_Weapon_Spear.h">
      <Filter>02.GameObjects\Monster\Normal\Guard\Weapon\Spear</Filter>
    </ClInclude>
    <ClInclude Include="..\Public\Guard_Weapon_Shield.h">
      <Filter>02.GameObjects\Monster\Normal\Guard\Weapon\Shield</Filter>
    </ClInclude>
    <ClInclude Include="..\Public\Guard_State_Idle.h">
      <Filter>02.GameObjects\Monster\Normal\Guard\State\Guard_State_Idle</Filter>
    </ClInclude>
    <ClInclude Include="..\Public\Guard_State_Aggro.h">
      <Filter>02.GameObjects\Monster\Normal\Guard\State\Guard_State_Aggro</Filter>
    </ClInclude>
    <ClInclude Include="..\Public\Guard_State_Block.h">
      <Filter>02.GameObjects\Monster\Normal\Guard\State\Guard_State_Block</Filter>
    </ClInclude>
    <ClInclude Include="..\Public\Guard_State_Damage.h">
      <Filter>02.GameObjects\Monster\Normal\Guard\State\Guard_State_Damage</Filter>
    </ClInclude>
    <ClInclude Include="..\Public\Guard_State_Die.h">
      <Filter>02.GameObjects\Monster\Normal\Guard\State\Guard_State_Die</Filter>
    </ClInclude>
    <ClInclude Include="..\Public\Object_Chest.h">
      <Filter>02.GameObjects\Interactive\Chest</Filter>
    </ClInclude>
    <ClInclude Include="..\Public\Player_State_Open.h">
      <Filter>02.GameObjects\Player\State\Player_State_Open</Filter>
    </ClInclude>
    <ClInclude Include="..\Public\UI.h">
      <Filter>02.GameObjects\UI</Filter>
    </ClInclude>
    <ClInclude Include="..\Public\UI_Stat.h">
      <Filter>02.GameObjects\UI\STAT</Filter>
    </ClInclude>
    <ClInclude Include="..\Public\Weapon_Wand.h">
      <Filter>02.GameObjects\Player\Weapon\Wand</Filter>
    </ClInclude>
    <ClInclude Include="..\Public\Player_State_Attack_Wand.h">
      <Filter>02.GameObjects\Player\State\Player_State_Attack\Wand</Filter>
    </ClInclude>
    <ClInclude Include="..\Public\Effect_WandBeam.h">
      <Filter>02.GameObjects\Player\Weapon\Wand\Beam</Filter>
    </ClInclude>
    <ClInclude Include="..\Public\Librarian_State_Die.h">
      <Filter>02.GameObjects\Monster\Boss\Librarian\State\Librarian_State_Die</Filter>
    </ClInclude>
    <ClInclude Include="..\Public\UI_Inventory.h">
      <Filter>02.GameObjects\UI\Inventory</Filter>
    </ClInclude>
    <ClInclude Include="..\Public\Inventory.h">
      <Filter>02.GameObjects\Player\Inventory</Filter>
    </ClInclude>
    <ClInclude Include="..\Public\UI_Slot.h">
      <Filter>02.GameObjects\UI\Inventory\Slot</Filter>
    </ClInclude>
    <ClInclude Include="..\Public\BlendEffect.h">
      <Filter>02.GameObjects\BlendEffect</Filter>
    </ClInclude>
    <ClInclude Include="..\Public\Item.h">
      <Filter>02.GameObjects\Interactive\Item</Filter>
    </ClInclude>
    <ClInclude Include="..\Public\InteractiveObject.h">
      <Filter>02.GameObjects\Interactive</Filter>
    </ClInclude>
    <ClInclude Include="..\Public\UI_Item.h">
      <Filter>02.GameObjects\UI\Inventory\Item</Filter>
    </ClInclude>
    <ClInclude Include="..\Public\UI_Obtain.h">
      <Filter>02.GameObjects\UI\Item\Obtain</Filter>
    </ClInclude>
    <ClInclude Include="..\Public\NPC_Merchant.h">
      <Filter>02.GameObjects\NPC\Merchant</Filter>
    </ClInclude>
    <ClInclude Include="..\Public\Merchant_State_Hidden.h">
      <Filter>02.GameObjects\NPC\Merchant\State\Merchant_State_Hidden</Filter>
    </ClInclude>
    <ClInclude Include="..\Public\Merchant_State_Idle.h">
      <Filter>02.GameObjects\NPC\Merchant\State\Merchant_State_Idle</Filter>
    </ClInclude>
    <ClInclude Include="..\Public\Merchant_State_Thankyou.h">
      <Filter>02.GameObjects\NPC\Merchant\State\Merchant_State_Thankyou</Filter>
    </ClInclude>
    <ClInclude Include="..\Public\UI_Purchase.h">
      <Filter>02.GameObjects\UI\Item\Purchase</Filter>
    </ClInclude>
    <ClInclude Include="..\Public\Object_Telescope.h">
      <Filter>02.GameObjects\Interactive\Telescope</Filter>
    </ClInclude>
    <ClInclude Include="..\Public\UI_Interactive.h">
      <Filter>02.GameObjects\UI\Interactive</Filter>
    </ClInclude>
    <ClInclude Include="..\Public\Camera_Puzzle.h">
      <Filter>02.GameObjects\Camera\Puzzle</Filter>
    </ClInclude>
    <ClInclude Include="..\Public\Player_State_Puzzle.h">
      <Filter>02.GameObjects\Player\State\Map_Puzzle\Player_State_Puzzle</Filter>
    </ClInclude>
    <ClInclude Include="..\Public\Player_State_Climb.h">
      <Filter>02.GameObjects\Player\State\Map_Puzzle\Player_State_Climb</Filter>
    </ClInclude>
    <ClInclude Include="..\Public\Object_ColliderBox.h">
      <Filter>02.GameObjects\Interactive\ColliderBox</Filter>
    </ClInclude>
    <ClInclude Include="..\Public\Object_Ladder.h">
      <Filter>02.GameObjects\Interactive\Ladder</Filter>
    </ClInclude>
    <ClInclude Include="..\Public\Player_State_Top.h">
      <Filter>02.GameObjects\Player\State\Map_Puzzle\Player_State_Top</Filter>
    </ClInclude>
    <ClInclude Include="..\Public\Camera_Top.h">
      <Filter>02.GameObjects\Camera\Top</Filter>
    </ClInclude>
    <ClInclude Include="..\Public\UI_Arrow.h">
      <Filter>02.GameObjects\UI\Arrow</Filter>
    </ClInclude>
    <ClInclude Include="..\Public\Player_State_Telescope.h">
      <Filter>02.GameObjects\Player\State\Player_State_Telescope</Filter>
    </ClInclude>
    <ClInclude Include="..\Public\Camera_Telescope.h">
      <Filter>02.GameObjects\Camera\Telescope</Filter>
    </ClInclude>
    <ClInclude Include="..\Public\Level_Menu.h">
      <Filter>01.Levels\TUNIC\LEVEL_MENU</Filter>
    </ClInclude>
  </ItemGroup>
  <ItemGroup>
    <ClCompile Include="Client.cpp">
      <Filter>98.Default</Filter>
    </ClCompile>
    <ClCompile Include="..\private\MainApp.cpp">
      <Filter>00.MainApp</Filter>
    </ClCompile>
    <ClCompile Include="..\Private\Level_GamePlay.cpp">
      <Filter>01.Levels\Origin\GamePlay</Filter>
    </ClCompile>
    <ClCompile Include="..\Private\Level_Loading.cpp">
      <Filter>01.Levels\Loading</Filter>
    </ClCompile>
    <ClCompile Include="..\Private\Level_Logo.cpp">
      <Filter>01.Levels\Origin\Logo</Filter>
    </ClCompile>
    <ClCompile Include="..\Private\Loader.cpp">
      <Filter>01.Levels\Loading\Loader</Filter>
    </ClCompile>
    <ClCompile Include="..\private\BackGround.cpp">
      <Filter>02.GameObjects\BackGround</Filter>
    </ClCompile>
    <ClCompile Include="stdafx.cpp">
      <Filter>98.Default</Filter>
    </ClCompile>
    <ClCompile Include="..\Private\Terrain.cpp">
      <Filter>02.GameObjects\Terrain</Filter>
    </ClCompile>
    <ClCompile Include="..\Private\Monster.cpp">
      <Filter>02.GameObjects\Monster</Filter>
    </ClCompile>
    <ClCompile Include="..\Private\Map_Object.cpp">
      <Filter>02.GameObjects\Map_Object</Filter>
    </ClCompile>
    <ClCompile Include="..\Private\Test_Object.cpp">
      <Filter>02.GameObjects\Test_Object</Filter>
    </ClCompile>
    <ClCompile Include="..\Private\Player.cpp">
      <Filter>02.GameObjects\Player</Filter>
    </ClCompile>
    <ClCompile Include="..\Private\Editor.cpp">
      <Filter>01.Levels\Origin\GamePlay\ImGui\Editor</Filter>
    </ClCompile>
    <ClCompile Include="..\Private\Player_Weapon.cpp">
      <Filter>02.GameObjects\Player\Weapon</Filter>
    </ClCompile>
    <ClCompile Include="..\Private\Player_State_Idle.cpp">
      <Filter>02.GameObjects\Player\State\Player_State_Idle</Filter>
    </ClCompile>
    <ClCompile Include="..\Private\Player_State_Move.cpp">
      <Filter>02.GameObjects\Player\State\Player_State_Move</Filter>
    </ClCompile>
    <ClCompile Include="..\Private\Player_State_Attack.cpp">
      <Filter>02.GameObjects\Player\State\Player_State_Attack</Filter>
    </ClCompile>
    <ClCompile Include="..\Private\Player_State_Sleep.cpp">
      <Filter>02.GameObjects\Player\State\Player_State_Sleep</Filter>
    </ClCompile>
    <ClCompile Include="..\Private\Player_State_Damage.cpp">
      <Filter>02.GameObjects\Player\State\Player_State_Damage</Filter>
    </ClCompile>
    <ClCompile Include="..\Private\Player_State_Dodge.cpp">
      <Filter>02.GameObjects\Player\State\Player_State_Dodge</Filter>
    </ClCompile>
    <ClCompile Include="..\Private\Player_State_Attack_Stick.cpp">
      <Filter>02.GameObjects\Player\State\Player_State_Attack\Stick</Filter>
    </ClCompile>
    <ClCompile Include="..\Private\Map.cpp">
      <Filter>02.GameObjects\Map</Filter>
    </ClCompile>
    <ClCompile Include="..\Private\Player_State_Defense.cpp">
      <Filter>02.GameObjects\Player\State\Player_State_Defense</Filter>
    </ClCompile>
    <ClCompile Include="..\Private\Player_State_Attack_Shotgun.cpp">
      <Filter>02.GameObjects\Player\State\Player_State_Attack\Shotgun</Filter>
    </ClCompile>
    <ClCompile Include="..\Private\Camera_Free.cpp">
      <Filter>02.GameObjects\Camera\Free</Filter>
    </ClCompile>
    <ClCompile Include="..\Private\Camera_Follow.cpp">
      <Filter>02.GameObjects\Camera\Follow</Filter>
    </ClCompile>
    <ClCompile Include="..\Private\Player_State_Attack_Sword.cpp">
      <Filter>02.GameObjects\Player\State\Player_State_Attack\Sword</Filter>
    </ClCompile>
    <ClCompile Include="..\Private\Monster_Spinner.cpp">
      <Filter>02.GameObjects\Monster\Normal\Spinner</Filter>
    </ClCompile>
    <ClCompile Include="..\Private\Spinner_State_Idle.cpp">
      <Filter>02.GameObjects\Monster\Normal\Spinner\State\Spinner_State_Idle</Filter>
    </ClCompile>
    <ClCompile Include="..\Private\Spinner_State_Hidden.cpp">
      <Filter>02.GameObjects\Monster\Normal\Spinner\State\Spinner_State_Hidden</Filter>
    </ClCompile>
    <ClCompile Include="..\Private\Spinner_State_Explode.cpp">
      <Filter>02.GameObjects\Monster\Normal\Spinner\State\Spinner_State_Explode</Filter>
    </ClCompile>
    <ClCompile Include="..\Private\Spinner_State_Damage.cpp">
      <Filter>02.GameObjects\Monster\Normal\Spinner\State\Spinner_State_Damage</Filter>
    </ClCompile>
    <ClCompile Include="..\Private\Spinner_State_Attack.cpp">
      <Filter>02.GameObjects\Monster\Normal\Spinner\State\Spinner_State_Attack</Filter>
    </ClCompile>
    <ClCompile Include="..\Private\Monster_Blob.cpp">
      <Filter>02.GameObjects\Monster\Normal\Blob</Filter>
    </ClCompile>
    <ClCompile Include="..\Private\Blob_State_Idle.cpp">
      <Filter>02.GameObjects\Monster\Normal\Blob\State\Blob_State_Idle</Filter>
    </ClCompile>
    <ClCompile Include="..\Private\Blob_State_Attack.cpp">
      <Filter>02.GameObjects\Monster\Normal\Blob\State\Blob_State_Attack</Filter>
    </ClCompile>
    <ClCompile Include="..\Private\Blob_State_Jump.cpp">
      <Filter>02.GameObjects\Monster\Normal\Blob\State\Blob_State_Jump</Filter>
    </ClCompile>
    <ClCompile Include="..\Private\Monster_Bat.cpp">
      <Filter>02.GameObjects\Monster\Normal\Bat</Filter>
    </ClCompile>
    <ClCompile Include="..\Private\Bat_State_Sleep.cpp">
      <Filter>02.GameObjects\Monster\Normal\Bat\State\Bat_State_Sleep</Filter>
    </ClCompile>
    <ClCompile Include="..\Private\Bat_State_Damage.cpp">
      <Filter>02.GameObjects\Monster\Normal\Bat\State\Bat_State_Damage</Filter>
    </ClCompile>
    <ClCompile Include="..\Private\Bat_State_Idle.cpp">
      <Filter>02.GameObjects\Monster\Normal\Bat\State\Bat_State_Idle</Filter>
    </ClCompile>
    <ClCompile Include="..\Private\Bat_State_Attack.cpp">
      <Filter>02.GameObjects\Monster\Normal\Bat\State\Bat_State_Attack</Filter>
    </ClCompile>
    <ClCompile Include="..\Private\Sky.cpp">
      <Filter>02.GameObjects\Sky</Filter>
    </ClCompile>
    <ClCompile Include="..\Private\Particle_Blue.cpp">
      <Filter>02.GameObjects\Particle\Blue</Filter>
    </ClCompile>
    <ClCompile Include="..\Private\Camera_LockOn.cpp">
      <Filter>02.GameObjects\Camera\LockOn</Filter>
    </ClCompile>
    <ClCompile Include="..\Private\Player_State_LockOn.cpp">
      <Filter>02.GameObjects\Player\State\Player_State_LockOn</Filter>
    </ClCompile>
    <ClCompile Include="..\Private\Monster_CowBot.cpp">
      <Filter>02.GameObjects\Monster\Normal\CowBot</Filter>
    </ClCompile>
    <ClCompile Include="..\Private\CowBot_Weapon.cpp">
      <Filter>02.GameObjects\Monster\Normal\CowBot\Weapon</Filter>
    </ClCompile>
    <ClCompile Include="..\Private\CowBot_State_Idle.cpp">
      <Filter>02.GameObjects\Monster\Normal\CowBot\State\CowBot_State_Idle</Filter>
    </ClCompile>
    <ClCompile Include="..\Private\CowBot_State_Walk.cpp">
      <Filter>02.GameObjects\Monster\Normal\CowBot\State\CowBot_State_Walk</Filter>
    </ClCompile>
    <ClCompile Include="..\Private\CowBot_State_Run.cpp">
      <Filter>02.GameObjects\Monster\Normal\CowBot\State\CowBot_State_Run</Filter>
    </ClCompile>
    <ClCompile Include="..\Private\CowBot_State_Attack.cpp">
      <Filter>02.GameObjects\Monster\Normal\CowBot\State\CowBot_State_Attack</Filter>
    </ClCompile>
    <ClCompile Include="..\Private\Particle_Red.cpp">
      <Filter>02.GameObjects\Particle\Red</Filter>
    </ClCompile>
    <ClCompile Include="..\Private\Monster_Librarian.cpp">
      <Filter>02.GameObjects\Monster\Boss\Librarian</Filter>
    </ClCompile>
    <ClCompile Include="..\Private\Librarian_Weapon.cpp">
      <Filter>02.GameObjects\Monster\Boss\Librarian\Weapon</Filter>
    </ClCompile>
    <ClCompile Include="..\Private\Librarian_State_Pattern_Lightning_Warp.cpp">
      <Filter>02.GameObjects\Monster\Boss\Librarian\State\Librarian_State_Pattern\Librarian_State_Pattern_Lightning_Warp</Filter>
    </ClCompile>
    <ClCompile Include="..\Private\Effect_Librarian.cpp">
      <Filter>02.GameObjects\Monster\Boss\Librarian\Effect</Filter>
    </ClCompile>
    <ClCompile Include="..\Private\Librarian_Effect_Slash.cpp">
      <Filter>02.GameObjects\Monster\Boss\Librarian\Effect\Attack_Slash</Filter>
    </ClCompile>
    <ClCompile Include="..\Private\Librarian_State_Pattern_Energy_Wave.cpp">
      <Filter>02.GameObjects\Monster\Boss\Librarian\State\Librarian_State_Pattern\Librarian_State_Pattern_Energy_Wave</Filter>
    </ClCompile>
    <ClCompile Include="..\Private\Librarian_State_Pattern_Lunge_Swipe.cpp">
      <Filter>02.GameObjects\Monster\Boss\Librarian\State\Librarian_State_Pattern\Librarian_State_Pattern_Lunge_Swipe</Filter>
    </ClCompile>
    <ClCompile Include="..\Private\Librarian_Effect_Orb.cpp">
      <Filter>02.GameObjects\Monster\Boss\Librarian\Effect\Attack_Orb</Filter>
    </ClCompile>
    <ClCompile Include="..\Private\Librarian_State_Pattern_Homing_Orbs.cpp">
      <Filter>02.GameObjects\Monster\Boss\Librarian\State\Librarian_State_Pattern\Librarian_State_Pattern_Homing_Orbs</Filter>
    </ClCompile>
    <ClCompile Include="..\Private\Librarian_State_Idle.cpp">
      <Filter>02.GameObjects\Monster\Boss\Librarian\State\Librarian_State_Idle</Filter>
    </ClCompile>
    <ClCompile Include="..\Private\Librarian_State_Entry.cpp">
      <Filter>02.GameObjects\Monster\Boss\Librarian\State\Librarian_State_Entry</Filter>
    </ClCompile>
    <ClCompile Include="..\Private\Librarian_Effect_Beam.cpp">
      <Filter>02.GameObjects\Monster\Boss\Librarian\Effect\Attack_Beam</Filter>
    </ClCompile>
    <ClCompile Include="..\Private\Librarian_State_Pattern_Energy_Beam.cpp">
      <Filter>02.GameObjects\Monster\Boss\Librarian\State\Librarian_State_Pattern\Librarian_State_Pattern_Energy_Beam</Filter>
    </ClCompile>
    <ClCompile Include="..\Private\Librarian_State_Melee.cpp">
      <Filter>02.GameObjects\Monster\Boss\Librarian\State\Librarian_State_Melee</Filter>
    </ClCompile>
    <ClCompile Include="..\Private\Weapon_Stick.cpp">
      <Filter>02.GameObjects\Player\Weapon\Stick</Filter>
    </ClCompile>
    <ClCompile Include="..\Private\Weapon_Sword.cpp">
      <Filter>02.GameObjects\Player\Weapon\Sword</Filter>
    </ClCompile>
    <ClCompile Include="..\Private\Weapon_Shield.cpp">
      <Filter>02.GameObjects\Player\Weapon\Shield</Filter>
    </ClCompile>
    <ClCompile Include="..\Private\Librarian_State_Damage.cpp">
      <Filter>02.GameObjects\Monster\Boss\Librarian\State\Librarian_State_Damage</Filter>
    </ClCompile>
    <ClCompile Include="..\Private\CowBot_State_Damage.cpp">
      <Filter>02.GameObjects\Monster\Normal\CowBot\State\CowBot_State_Damage</Filter>
    </ClCompile>
    <ClCompile Include="..\Private\CowBot_State_Die.cpp">
      <Filter>02.GameObjects\Monster\Normal\CowBot\State\CowBot_State_Die</Filter>
    </ClCompile>
    <ClCompile Include="..\Private\Monster_Frog.cpp">
      <Filter>02.GameObjects\Monster\Normal\Frog</Filter>
    </ClCompile>
    <ClCompile Include="..\Private\Frog_Weapon.cpp">
      <Filter>02.GameObjects\Monster\Normal\Frog\Weapon</Filter>
    </ClCompile>
    <ClCompile Include="..\Private\Monster_Guard.cpp">
      <Filter>02.GameObjects\Monster\Normal\Guard</Filter>
    </ClCompile>
    <ClCompile Include="..\Private\Guard_Weapon_Spear.cpp">
      <Filter>02.GameObjects\Monster\Normal\Guard\Weapon\Spear</Filter>
    </ClCompile>
    <ClCompile Include="..\Private\Guard_Weapon_Shield.cpp">
      <Filter>02.GameObjects\Monster\Normal\Guard\Weapon\Shield</Filter>
    </ClCompile>
    <ClCompile Include="..\Private\Guard_State_Idle.cpp">
      <Filter>02.GameObjects\Monster\Normal\Guard\State\Guard_State_Idle</Filter>
    </ClCompile>
    <ClCompile Include="..\Private\Guard_State_Aggro.cpp">
      <Filter>02.GameObjects\Monster\Normal\Guard\State\Guard_State_Aggro</Filter>
    </ClCompile>
    <ClCompile Include="..\Private\Guard_State_Block.cpp">
      <Filter>02.GameObjects\Monster\Normal\Guard\State\Guard_State_Block</Filter>
    </ClCompile>
    <ClCompile Include="..\Private\Guard_State_Damage.cpp">
      <Filter>02.GameObjects\Monster\Normal\Guard\State\Guard_State_Damage</Filter>
    </ClCompile>
    <ClCompile Include="..\Private\Guard_State_Die.cpp">
      <Filter>02.GameObjects\Monster\Normal\Guard\State\Guard_State_Die</Filter>
    </ClCompile>
    <ClCompile Include="..\Private\Object_Chest.cpp">
      <Filter>02.GameObjects\Interactive\Chest</Filter>
    </ClCompile>
    <ClCompile Include="..\Private\Player_State_Open.cpp">
      <Filter>02.GameObjects\Player\State\Player_State_Open</Filter>
    </ClCompile>
    <ClCompile Include="..\Private\UI.cpp">
      <Filter>02.GameObjects\UI</Filter>
    </ClCompile>
    <ClCompile Include="..\Private\UI_Stat.cpp">
      <Filter>02.GameObjects\UI\STAT</Filter>
    </ClCompile>
    <ClCompile Include="..\Private\Weapon_Wand.cpp">
      <Filter>02.GameObjects\Player\Weapon\Wand</Filter>
    </ClCompile>
    <ClCompile Include="..\Private\Player_State_Attack_Wand.cpp">
      <Filter>02.GameObjects\Player\State\Player_State_Attack\Wand</Filter>
    </ClCompile>
    <ClCompile Include="..\Private\Effect_WandBeam.cpp">
      <Filter>02.GameObjects\Player\Weapon\Wand\Beam</Filter>
    </ClCompile>
    <ClCompile Include="..\Private\Librarian_State_Die.cpp">
      <Filter>02.GameObjects\Monster\Boss\Librarian\State\Librarian_State_Die</Filter>
    </ClCompile>
    <ClCompile Include="..\Private\UI_Inventory.cpp">
      <Filter>02.GameObjects\UI\Inventory</Filter>
    </ClCompile>
    <ClCompile Include="..\Private\Inventory.cpp">
      <Filter>02.GameObjects\Player\Inventory</Filter>
    </ClCompile>
    <ClCompile Include="..\Private\UI_Slot.cpp">
      <Filter>02.GameObjects\UI\Inventory\Slot</Filter>
    </ClCompile>
    <ClCompile Include="..\Private\BlendEffect.cpp">
      <Filter>02.GameObjects\BlendEffect</Filter>
    </ClCompile>
    <ClCompile Include="..\Private\Item.cpp">
      <Filter>02.GameObjects\Interactive\Item</Filter>
    </ClCompile>
    <ClCompile Include="..\Private\InteractiveObject.cpp">
      <Filter>02.GameObjects\Interactive</Filter>
    </ClCompile>
    <ClCompile Include="..\Private\UI_Item.cpp">
      <Filter>02.GameObjects\UI\Inventory\Item</Filter>
    </ClCompile>
    <ClCompile Include="..\Private\UI_Obtain.cpp">
      <Filter>02.GameObjects\UI\Item\Obtain</Filter>
    </ClCompile>
    <ClCompile Include="..\Private\NPC_Merchant.cpp">
      <Filter>02.GameObjects\NPC\Merchant</Filter>
    </ClCompile>
    <ClCompile Include="..\Private\Merchant_State_Hidden.cpp">
      <Filter>02.GameObjects\NPC\Merchant\State\Merchant_State_Hidden</Filter>
    </ClCompile>
    <ClCompile Include="..\Private\Merchant_State_Idle.cpp">
      <Filter>02.GameObjects\NPC\Merchant\State\Merchant_State_Idle</Filter>
    </ClCompile>
    <ClCompile Include="..\Private\Merchant_State_Thankyou.cpp">
      <Filter>02.GameObjects\NPC\Merchant\State\Merchant_State_Thankyou</Filter>
    </ClCompile>
    <ClCompile Include="..\Private\UI_Purchase.cpp">
      <Filter>02.GameObjects\UI\Item\Purchase</Filter>
    </ClCompile>
    <ClCompile Include="..\Private\Object_Telescope.cpp">
      <Filter>02.GameObjects\Interactive\Telescope</Filter>
    </ClCompile>
    <ClCompile Include="..\Private\UI_Interactive.cpp">
      <Filter>02.GameObjects\UI\Interactive</Filter>
    </ClCompile>
    <ClCompile Include="..\Private\Camera_Puzzle.cpp">
      <Filter>02.GameObjects\Camera\Puzzle</Filter>
    </ClCompile>
    <ClCompile Include="..\Private\Player_State_Puzzle.cpp">
      <Filter>02.GameObjects\Player\State\Map_Puzzle\Player_State_Puzzle</Filter>
    </ClCompile>
    <ClCompile Include="..\Private\Player_State_Climb.cpp">
      <Filter>02.GameObjects\Player\State\Map_Puzzle\Player_State_Climb</Filter>
    </ClCompile>
    <ClCompile Include="..\Private\Object_ColliderBox.cpp">
      <Filter>02.GameObjects\Interactive\ColliderBox</Filter>
    </ClCompile>
    <ClCompile Include="..\Private\Object_Ladder.cpp">
      <Filter>02.GameObjects\Interactive\Ladder</Filter>
    </ClCompile>
    <ClCompile Include="..\Private\Player_State_Top.cpp">
      <Filter>02.GameObjects\Player\State\Map_Puzzle\Player_State_Top</Filter>
    </ClCompile>
    <ClCompile Include="..\Private\Camera_Top.cpp">
      <Filter>02.GameObjects\Camera\Top</Filter>
    </ClCompile>
    <ClCompile Include="..\Private\UI_Arrow.cpp">
      <Filter>02.GameObjects\UI\Arrow</Filter>
    </ClCompile>
    <ClCompile Include="..\Private\Player_State_Telescope.cpp">
      <Filter>02.GameObjects\Player\State\Player_State_Telescope</Filter>
    </ClCompile>
    <ClCompile Include="..\Private\Camera_Telescope.cpp">
      <Filter>02.GameObjects\Camera\Telescope</Filter>
    </ClCompile>
    <ClCompile Include="..\Private\Level_Menu.cpp">
      <Filter>01.Levels\TUNIC\LEVEL_MENU</Filter>
    </ClCompile>
  </ItemGroup>
  <ItemGroup>
    <Image Include="Client.ico">
      <Filter>98.Default</Filter>
    </Image>
    <Image Include="small.ico">
      <Filter>98.Default</Filter>
    </Image>
  </ItemGroup>
  <ItemGroup>
    <ResourceCompile Include="Client.rc">
      <Filter>98.Default</Filter>
    </ResourceCompile>
  </ItemGroup>
  <ItemGroup>
    <FxCompile Include="..\Bin\ShaderFiles\Shader_VtxPosTex.hlsl">
      <Filter>97. ShaderFiles</Filter>
    </FxCompile>
    <FxCompile Include="..\Bin\ShaderFiles\Shader_VtxPosNorTex.hlsl">
      <Filter>97. ShaderFiles</Filter>
    </FxCompile>
    <FxCompile Include="..\Bin\ShaderFiles\Shader_VtxMesh.hlsl">
      <Filter>97. ShaderFiles</Filter>
    </FxCompile>
    <FxCompile Include="..\Bin\ShaderFiles\Shader_VtxAnimMesh.hlsl">
      <Filter>97. ShaderFiles</Filter>
    </FxCompile>
    <FxCompile Include="..\Bin\ShaderFiles\Shader_VtxCube.hlsl">
      <Filter>97. ShaderFiles</Filter>
    </FxCompile>
    <FxCompile Include="..\Bin\ShaderFiles\Shader_VtxInstance_Rect.hlsl">
      <Filter>97. ShaderFiles</Filter>
    </FxCompile>
    <FxCompile Include="..\Bin\ShaderFiles\Shader_VtxInstance_Point.hlsl">
      <Filter>97. ShaderFiles</Filter>
    </FxCompile>
    <FxCompile Include="..\Bin\ShaderFiles\Shader_VtxMeshMap.hlsl">
      <Filter>97. ShaderFiles</Filter>
    </FxCompile>
  </ItemGroup>
</Project>