<?xml version="1.0" encoding="utf-8"?>
<Project ToolsVersion="4.0" xmlns="http://schemas.microsoft.com/developer/msbuild/2003">
  <ItemGroup>
    <Filter Include="01. Utility">
      <UniqueIdentifier>{93c87700-aab2-4322-b256-360fd86c44c7}</UniqueIdentifier>
    </Filter>
    <Filter Include="01. Utility\99. SuperClass">
      <UniqueIdentifier>{18cd71f3-16be-4d21-849d-93d659719eda}</UniqueIdentifier>
    </Filter>
    <Filter Include="01. Utility\00. GameInstance">
      <UniqueIdentifier>{3a07eea0-5528-4165-9a4b-263a0598dba8}</UniqueIdentifier>
    </Filter>
    <Filter Include="01. Utility\01. GameObjects">
      <UniqueIdentifier>{c39a1fd9-a159-4cda-9df0-92ca38acee94}</UniqueIdentifier>
    </Filter>
    <Filter Include="01. Utility\01. GameObjects\Manager">
      <UniqueIdentifier>{e23f15ac-9228-4f3d-8a2d-64e24ba537fd}</UniqueIdentifier>
    </Filter>
    <Filter Include="01. Utility\01. GameObjects\Manager\Layer">
      <UniqueIdentifier>{ad2f09de-2ff3-47c2-b6b1-623fcccf5f84}</UniqueIdentifier>
    </Filter>
    <Filter Include="01. Utility\02. Components">
      <UniqueIdentifier>{48c7c65c-7362-41ea-a460-905ff511629f}</UniqueIdentifier>
    </Filter>
    <Filter Include="01. Utility\03. Levels">
      <UniqueIdentifier>{e1b5e4f5-524e-4d5d-a97f-dda8f3b6fbee}</UniqueIdentifier>
    </Filter>
    <Filter Include="01. Utility\03. Levels\Manager">
      <UniqueIdentifier>{733be629-237a-48c5-a212-b47528d35f6c}</UniqueIdentifier>
    </Filter>
    <Filter Include="01. Utility\04. Renderer">
      <UniqueIdentifier>{8f95be06-5b9d-4c53-ad7c-8df949da1544}</UniqueIdentifier>
    </Filter>
    <Filter Include="01. Utility\05. PipeLine">
      <UniqueIdentifier>{b36370b3-e221-4afa-b231-fdc54d96c467}</UniqueIdentifier>
    </Filter>
    <Filter Include="99. Defines">
      <UniqueIdentifier>{5316adfe-c8f3-42a2-a7dd-f7bb55fde1d2}</UniqueIdentifier>
    </Filter>
    <Filter Include="00. Device">
      <UniqueIdentifier>{575691c0-c00a-4e06-9e0e-e515e6ce0651}</UniqueIdentifier>
    </Filter>
    <Filter Include="00. Device\Graphic">
      <UniqueIdentifier>{88ff69e6-1cc6-4911-b17b-958907cf28b0}</UniqueIdentifier>
    </Filter>
    <Filter Include="00. Device\Input">
      <UniqueIdentifier>{1ffb29ea-fcd5-4929-9fdd-76d2898bec70}</UniqueIdentifier>
    </Filter>
    <Filter Include="00. Device\Timers">
      <UniqueIdentifier>{2276b046-b4ba-44b9-bee5-454bd47d9596}</UniqueIdentifier>
    </Filter>
    <Filter Include="00. Device\Timers\Manager">
      <UniqueIdentifier>{2396b3ce-bf2e-4910-bb35-d6b5f6434bee}</UniqueIdentifier>
    </Filter>
    <Filter Include="01. Utility\06. Picking">
      <UniqueIdentifier>{436fa7b3-bcde-48df-bb82-413825d1f6e3}</UniqueIdentifier>
    </Filter>
    <Filter Include="01. Utility\07. Lights">
      <UniqueIdentifier>{d06cae6d-2bcb-4bd1-a49d-e6d9932d71d4}</UniqueIdentifier>
    </Filter>
    <Filter Include="01. Utility\07. Lights\Manager">
      <UniqueIdentifier>{89d5801d-debb-41a6-a39c-890311872a66}</UniqueIdentifier>
    </Filter>
    <Filter Include="01. Utility\98. ImGui">
      <UniqueIdentifier>{6d0c3166-de17-4379-8c19-c127f5e8b512}</UniqueIdentifier>
    </Filter>
    <Filter Include="01. Utility\98. ImGui\Etc">
      <UniqueIdentifier>{9611efc0-e984-4b1c-98a8-f97f3f6928da}</UniqueIdentifier>
    </Filter>
    <Filter Include="01. Utility\98. ImGui\Manager">
      <UniqueIdentifier>{48fb39a6-f806-4502-ad54-e3b91df827c3}</UniqueIdentifier>
    </Filter>
    <Filter Include="01. Utility\01. GameObjects\PartObject">
      <UniqueIdentifier>{622c6425-94d3-472a-8125-464a8a84064d}</UniqueIdentifier>
    </Filter>
    <Filter Include="01. Utility\02. Components\05%29 Model">
      <UniqueIdentifier>{fdb48057-721f-4128-b02c-fe313cad92ea}</UniqueIdentifier>
    </Filter>
    <Filter Include="01. Utility\02. Components\05%29 Model\Mesh">
      <UniqueIdentifier>{912a977f-f1c6-4959-968d-3b38318dff65}</UniqueIdentifier>
    </Filter>
    <Filter Include="01. Utility\02. Components\05%29 Model\Bone">
      <UniqueIdentifier>{b7facbaa-29ba-4d81-a23e-20ed1ad7d257}</UniqueIdentifier>
    </Filter>
    <Filter Include="01. Utility\02. Components\05%29 Model\Animation">
      <UniqueIdentifier>{636173e1-ea0c-48e4-a642-df6c51a181ce}</UniqueIdentifier>
    </Filter>
    <Filter Include="01. Utility\02. Components\05%29 Model\Animation\Channel">
      <UniqueIdentifier>{2353dd55-0a61-4dec-b198-acd7bcff597e}</UniqueIdentifier>
    </Filter>
    <Filter Include="01. Utility\02. Components\06%29 Animator">
      <UniqueIdentifier>{625253c1-c830-4b97-acbb-acdfca0025b6}</UniqueIdentifier>
    </Filter>
    <Filter Include="01. Utility\02. Components\00%29 Manager">
      <UniqueIdentifier>{9a25d0bd-b87d-44f6-bfce-fb32c1047b59}</UniqueIdentifier>
    </Filter>
    <Filter Include="01. Utility\02. Components\01%29 Transform">
      <UniqueIdentifier>{1b4d404f-9eb2-4a6b-b031-814c255ad16d}</UniqueIdentifier>
    </Filter>
    <Filter Include="01. Utility\02. Components\03%29 Texture">
      <UniqueIdentifier>{9a7d099b-7bc0-40c7-9801-363e3750feb7}</UniqueIdentifier>
    </Filter>
    <Filter Include="01. Utility\02. Components\04%29 Shader">
      <UniqueIdentifier>{d829722f-8a2c-45ef-aa1f-2e16eaeab6e4}</UniqueIdentifier>
    </Filter>
    <Filter Include="01. Utility\02. Components\07%29 Collider">
      <UniqueIdentifier>{5643c18b-ab1e-47f4-bfa0-5142e5b3b36e}</UniqueIdentifier>
    </Filter>
    <Filter Include="01. Utility\02. Components\07%29 Collider\DebugDraw">
      <UniqueIdentifier>{7f84c5f8-b62a-41ba-a7a6-430f31944e51}</UniqueIdentifier>
    </Filter>
    <Filter Include="01. Utility\02. Components\07%29 Collider\Bounding">
      <UniqueIdentifier>{f9a47b1c-9731-47d8-a455-7b4665276b71}</UniqueIdentifier>
    </Filter>
    <Filter Include="01. Utility\02. Components\07%29 Collider\Bounding\AABB">
      <UniqueIdentifier>{c9472037-67f8-4bb3-b730-452574846bd9}</UniqueIdentifier>
    </Filter>
    <Filter Include="01. Utility\02. Components\07%29 Collider\Bounding\OBB">
      <UniqueIdentifier>{e99364eb-8c34-4f25-adbf-24d66c2c4b76}</UniqueIdentifier>
    </Filter>
    <Filter Include="01. Utility\02. Components\07%29 Collider\Bounding\SPHERE">
      <UniqueIdentifier>{73196e8d-a939-4e95-9f18-656dd3f25256}</UniqueIdentifier>
    </Filter>
    <Filter Include="01. Utility\02. Components\06%29 Animator\Animator_Controller">
      <UniqueIdentifier>{7a1c8613-5672-42c2-b885-58ce0cbc7161}</UniqueIdentifier>
    </Filter>
    <Filter Include="01. Utility\02. Components\06%29 Animator\Animator_Controller\State_Machine">
      <UniqueIdentifier>{055c4c53-7e65-4946-8e5c-3803c9c19169}</UniqueIdentifier>
    </Filter>
    <Filter Include="01. Utility\02. Components\06%29 Animator\Avatar">
      <UniqueIdentifier>{f5c78a36-89c4-4465-8bff-116fb76491d6}</UniqueIdentifier>
    </Filter>
    <Filter Include="01. Utility\02. Components\06%29 Animator\Animator_Controller\State_Machine\State">
      <UniqueIdentifier>{a9030476-8070-4734-ba16-4a7fcb5b0472}</UniqueIdentifier>
    </Filter>
    <Filter Include="01. Utility\02. Components\08%29 Navigation">
      <UniqueIdentifier>{448d9c30-c7d9-47a3-a0e2-7e0e95d2ebd2}</UniqueIdentifier>
    </Filter>
    <Filter Include="01. Utility\02. Components\08%29 Navigation\Cell">
      <UniqueIdentifier>{282d9637-0a8c-4005-8268-93de670e1254}</UniqueIdentifier>
    </Filter>
    <Filter Include="01. Utility\97. ShaderFiles">
      <UniqueIdentifier>{7e86d066-5b2a-4daf-ad5b-4efaed0d382c}</UniqueIdentifier>
    </Filter>
    <Filter Include="01. Utility\02. Components\02%29 VIBuffer">
      <UniqueIdentifier>{1940cc1c-6655-4f3c-a49a-2193d5054bb3}</UniqueIdentifier>
    </Filter>
    <Filter Include="01. Utility\02. Components\02%29 VIBuffer\Rect">
      <UniqueIdentifier>{6dde1500-565b-4a82-a05d-b8d03aba94d7}</UniqueIdentifier>
    </Filter>
    <Filter Include="01. Utility\02. Components\02%29 VIBuffer\Terrain">
      <UniqueIdentifier>{a5e39be6-2f27-479e-bf4f-a2b170666172}</UniqueIdentifier>
    </Filter>
    <Filter Include="01. Utility\02. Components\02%29 VIBuffer\Cell">
      <UniqueIdentifier>{032ced3e-ca8a-44dd-bd2f-c8ca75d7e016}</UniqueIdentifier>
    </Filter>
    <Filter Include="01. Utility\02. Components\07%29 Collider\Manager">
      <UniqueIdentifier>{8f67371e-8838-482c-ad8b-8bddb637b4ec}</UniqueIdentifier>
    </Filter>
    <Filter Include="01. Utility\08. Fonts">
      <UniqueIdentifier>{630233ee-f6ab-4e3b-bffd-c15be7300ca2}</UniqueIdentifier>
    </Filter>
    <Filter Include="01. Utility\08. Fonts\Manager">
      <UniqueIdentifier>{22c94462-96f2-4c6c-bf3b-36748c12ee2a}</UniqueIdentifier>
    </Filter>
    <Filter Include="01. Utility\96. Easing">
      <UniqueIdentifier>{d09cca2b-020d-4914-8cd5-81e209c4c872}</UniqueIdentifier>
    </Filter>
    <Filter Include="01. Utility\02. Components\02%29 VIBuffer\Cube">
      <UniqueIdentifier>{997700a1-bdce-4c93-8a34-ddda3c89a81b}</UniqueIdentifier>
    </Filter>
    <Filter Include="01. Utility\02. Components\02%29 VIBuffer\Instance">
      <UniqueIdentifier>{022c8910-4500-4d49-8ed9-68ead2d9f6f3}</UniqueIdentifier>
    </Filter>
    <Filter Include="01. Utility\02. Components\02%29 VIBuffer\Instance\Rect">
      <UniqueIdentifier>{308b7e8a-5d08-4c1d-a9a9-752c64b5c6d3}</UniqueIdentifier>
    </Filter>
    <Filter Include="01. Utility\09. Camera">
      <UniqueIdentifier>{c4561010-f8ab-469d-b861-822102f973e8}</UniqueIdentifier>
    </Filter>
    <Filter Include="01. Utility\09. Camera\Manager">
      <UniqueIdentifier>{bbc74ff0-852b-4434-9040-4a558c9dfe5e}</UniqueIdentifier>
    </Filter>
    <Filter Include="01. Utility\02. Components\02%29 VIBuffer\Instance\Point">
      <UniqueIdentifier>{35072799-c5d3-4653-a077-9106b5a3bee1}</UniqueIdentifier>
    </Filter>
    <Filter Include="01. Utility\01. GameObjects\Effect">
      <UniqueIdentifier>{db77f538-37b6-42ce-9389-ea9128183cb8}</UniqueIdentifier>
    </Filter>
    <Filter Include="01. Utility\01. GameObjects\Trigger">
      <UniqueIdentifier>{9c95077b-685d-48fc-a8c9-5c6ca50d0737}</UniqueIdentifier>
    </Filter>
    <Filter Include="01. Utility\10. RenderTargets">
      <UniqueIdentifier>{3e17e2c2-62d1-45be-a144-ee1ebaab66c1}</UniqueIdentifier>
    </Filter>
    <Filter Include="01. Utility\10. RenderTargets\Manager">
      <UniqueIdentifier>{3c0b310e-baf8-4182-9301-4a96c2d910a1}</UniqueIdentifier>
    </Filter>
    <Filter Include="01. Utility\11. Sampler">
      <UniqueIdentifier>{c61d0bc6-eb76-4c35-8b2c-9dac7d3abdc9}</UniqueIdentifier>
    </Filter>
    <Filter Include="01. Utility\01. GameObjects\BlendObject">
      <UniqueIdentifier>{06b8ad67-1f3f-4eba-9a7d-b7aeec4d88c2}</UniqueIdentifier>
    </Filter>
  </ItemGroup>
  <ItemGroup>
    <ClCompile Include="..\Private\Base.cpp">
      <Filter>01. Utility\99. SuperClass</Filter>
    </ClCompile>
    <ClCompile Include="..\Private\GameInstance.cpp">
      <Filter>01. Utility\00. GameInstance</Filter>
    </ClCompile>
    <ClCompile Include="..\Private\GameObject.cpp">
      <Filter>01. Utility\01. GameObjects</Filter>
    </ClCompile>
    <ClCompile Include="..\Private\Object_Manager.cpp">
      <Filter>01. Utility\01. GameObjects\Manager</Filter>
    </ClCompile>
    <ClCompile Include="..\Private\Layer.cpp">
      <Filter>01. Utility\01. GameObjects\Manager\Layer</Filter>
    </ClCompile>
    <ClCompile Include="..\Private\Component.cpp">
      <Filter>01. Utility\02. Components</Filter>
    </ClCompile>
    <ClCompile Include="..\Private\Component_Manager.cpp">
      <Filter>01. Utility\02. Components\00%29 Manager</Filter>
    </ClCompile>
    <ClCompile Include="..\Private\Level.cpp">
      <Filter>01. Utility\03. Levels</Filter>
    </ClCompile>
    <ClCompile Include="..\Private\Level_Manager.cpp">
      <Filter>01. Utility\03. Levels\Manager</Filter>
    </ClCompile>
    <ClCompile Include="..\Private\Timer.cpp">
      <Filter>00. Device\Timers</Filter>
    </ClCompile>
    <ClCompile Include="..\Private\Timer_Manager.cpp">
      <Filter>00. Device\Timers\Manager</Filter>
    </ClCompile>
    <ClCompile Include="..\Private\Renderer.cpp">
      <Filter>01. Utility\04. Renderer</Filter>
    </ClCompile>
    <ClCompile Include="..\Private\Graphic_Device.cpp">
      <Filter>00. Device\Graphic</Filter>
    </ClCompile>
    <ClCompile Include="..\private\VIBuffer.cpp">
      <Filter>01. Utility\02. Components\02%29 VIBuffer</Filter>
    </ClCompile>
    <ClCompile Include="..\private\VIBuffer_Rect.cpp">
      <Filter>01. Utility\02. Components\02%29 VIBuffer\Rect</Filter>
    </ClCompile>
    <ClCompile Include="..\private\Shader.cpp">
      <Filter>01. Utility\02. Components\04%29 Shader</Filter>
    </ClCompile>
    <ClCompile Include="..\Public\Engine_Struct.cpp">
      <Filter>99. Defines</Filter>
    </ClCompile>
    <ClCompile Include="..\Private\Texture.cpp">
      <Filter>01. Utility\02. Components\03%29 Texture</Filter>
    </ClCompile>
    <ClCompile Include="..\Private\Transform.cpp">
      <Filter>01. Utility\02. Components\01%29 Transform</Filter>
    </ClCompile>
    <ClCompile Include="..\Private\VIBuffer_Terrain.cpp">
      <Filter>01. Utility\02. Components\02%29 VIBuffer\Terrain</Filter>
    </ClCompile>
    <ClCompile Include="..\Private\PipeLine.cpp">
      <Filter>01. Utility\05. PipeLine</Filter>
    </ClCompile>
    <ClCompile Include="..\Private\Input_Device.cpp">
      <Filter>00. Device\Input</Filter>
    </ClCompile>
    <ClCompile Include="..\Private\Model.cpp">
      <Filter>01. Utility\02. Components\05%29 Model</Filter>
    </ClCompile>
    <ClCompile Include="..\Private\Mesh.cpp">
      <Filter>01. Utility\02. Components\05%29 Model\Mesh</Filter>
    </ClCompile>
    <ClCompile Include="..\Private\Bone.cpp">
      <Filter>01. Utility\02. Components\05%29 Model\Bone</Filter>
    </ClCompile>
    <ClCompile Include="..\Private\Animation.cpp">
      <Filter>01. Utility\02. Components\05%29 Model\Animation</Filter>
    </ClCompile>
    <ClCompile Include="..\Private\Channel.cpp">
      <Filter>01. Utility\02. Components\05%29 Model\Animation\Channel</Filter>
    </ClCompile>
    <ClCompile Include="..\Private\Picking.cpp">
      <Filter>01. Utility\06. Picking</Filter>
    </ClCompile>
    <ClCompile Include="..\Private\Light.cpp">
      <Filter>01. Utility\07. Lights</Filter>
    </ClCompile>
    <ClCompile Include="..\Private\Light_Manager.cpp">
      <Filter>01. Utility\07. Lights\Manager</Filter>
    </ClCompile>
    <ClCompile Include="..\ImGui\imgui.cpp">
      <Filter>01. Utility\98. ImGui\Etc</Filter>
    </ClCompile>
    <ClCompile Include="..\ImGui\imgui_demo.cpp">
      <Filter>01. Utility\98. ImGui\Etc</Filter>
    </ClCompile>
    <ClCompile Include="..\ImGui\imgui_draw.cpp">
      <Filter>01. Utility\98. ImGui\Etc</Filter>
    </ClCompile>
    <ClCompile Include="..\ImGui\imgui_impl_dx11.cpp">
      <Filter>01. Utility\98. ImGui\Etc</Filter>
    </ClCompile>
    <ClCompile Include="..\ImGui\imgui_impl_win32.cpp">
      <Filter>01. Utility\98. ImGui\Etc</Filter>
    </ClCompile>
    <ClCompile Include="..\ImGui\imgui_tables.cpp">
      <Filter>01. Utility\98. ImGui\Etc</Filter>
    </ClCompile>
    <ClCompile Include="..\ImGui\imgui_widgets.cpp">
      <Filter>01. Utility\98. ImGui\Etc</Filter>
    </ClCompile>
    <ClCompile Include="..\ImGui\ImGuizmo.cpp">
      <Filter>01. Utility\98. ImGui\Etc</Filter>
    </ClCompile>
    <ClCompile Include="..\Private\ImGui_Manager.cpp">
      <Filter>01. Utility\98. ImGui\Manager</Filter>
    </ClCompile>
    <ClCompile Include="..\Private\PartObject.cpp">
      <Filter>01. Utility\01. GameObjects\PartObject</Filter>
    </ClCompile>
    <ClCompile Include="..\Private\Collider.cpp">
      <Filter>01. Utility\02. Components\07%29 Collider</Filter>
    </ClCompile>
    <ClCompile Include="..\Private\DebugDraw.cpp">
      <Filter>01. Utility\02. Components\07%29 Collider\DebugDraw</Filter>
    </ClCompile>
    <ClCompile Include="..\Private\Bounding.cpp">
      <Filter>01. Utility\02. Components\07%29 Collider\Bounding</Filter>
    </ClCompile>
    <ClCompile Include="..\Private\Bounding_AABB.cpp">
      <Filter>01. Utility\02. Components\07%29 Collider\Bounding\AABB</Filter>
    </ClCompile>
    <ClCompile Include="..\Private\Bounding_OBB.cpp">
      <Filter>01. Utility\02. Components\07%29 Collider\Bounding\OBB</Filter>
    </ClCompile>
    <ClCompile Include="..\Private\Bounding_SPHERE.cpp">
      <Filter>01. Utility\02. Components\07%29 Collider\Bounding\SPHERE</Filter>
    </ClCompile>
    <ClCompile Include="..\Private\Animator.cpp">
      <Filter>01. Utility\02. Components\06%29 Animator</Filter>
    </ClCompile>
    <ClCompile Include="..\Private\Animator_Controller.cpp">
      <Filter>01. Utility\02. Components\06%29 Animator\Animator_Controller</Filter>
    </ClCompile>
    <ClCompile Include="..\Private\State_Machine.cpp">
      <Filter>01. Utility\02. Components\06%29 Animator\Animator_Controller\State_Machine</Filter>
    </ClCompile>
    <ClCompile Include="..\Private\Avatar.cpp">
      <Filter>01. Utility\02. Components\06%29 Animator\Avatar</Filter>
    </ClCompile>
    <ClCompile Include="..\Private\State.cpp">
      <Filter>01. Utility\02. Components\06%29 Animator\Animator_Controller\State_Machine\State</Filter>
    </ClCompile>
    <ClCompile Include="..\Private\Navigation.cpp">
      <Filter>01. Utility\02. Components\08%29 Navigation</Filter>
    </ClCompile>
    <ClCompile Include="..\Private\Cell.cpp">
      <Filter>01. Utility\02. Components\08%29 Navigation\Cell</Filter>
    </ClCompile>
    <ClCompile Include="..\Private\VIBuffer_Cell.cpp">
      <Filter>01. Utility\02. Components\02%29 VIBuffer\Cell</Filter>
    </ClCompile>
    <ClCompile Include="..\Private\Collision_Manager.cpp">
      <Filter>01. Utility\02. Components\07%29 Collider\Manager</Filter>
    </ClCompile>
    <ClCompile Include="..\Private\MyFont.cpp">
      <Filter>01. Utility\08. Fonts</Filter>
    </ClCompile>
    <ClCompile Include="..\Private\Font_Manager.cpp">
      <Filter>01. Utility\08. Fonts\Manager</Filter>
    </ClCompile>
    <ClCompile Include="..\Private\Easing.cpp">
      <Filter>01. Utility\96. Easing</Filter>
    </ClCompile>
    <ClCompile Include="..\Private\VIBuffer_Cube.cpp">
      <Filter>01. Utility\02. Components\02%29 VIBuffer\Cube</Filter>
    </ClCompile>
    <ClCompile Include="..\Private\VIBuffer_Instance.cpp">
      <Filter>01. Utility\02. Components\02%29 VIBuffer\Instance</Filter>
    </ClCompile>
    <ClCompile Include="..\Private\VIBuffer_Instance_Rect.cpp">
      <Filter>01. Utility\02. Components\02%29 VIBuffer\Instance\Rect</Filter>
    </ClCompile>
    <ClCompile Include="..\Private\Camera.cpp">
      <Filter>01. Utility\09. Camera</Filter>
    </ClCompile>
    <ClCompile Include="..\Private\Camera_Manager.cpp">
      <Filter>01. Utility\09. Camera\Manager</Filter>
    </ClCompile>
    <ClCompile Include="..\Private\VIBuffer_Instance_Point.cpp">
      <Filter>01. Utility\02. Components\02%29 VIBuffer\Instance\Point</Filter>
    </ClCompile>
    <ClCompile Include="..\Private\Effect.cpp">
      <Filter>01. Utility\01. GameObjects\Effect</Filter>
    </ClCompile>
    <ClCompile Include="..\Private\Trigger.cpp">
      <Filter>01. Utility\01. GameObjects\Trigger</Filter>
    </ClCompile>
    <ClCompile Include="..\Private\RenderTarget.cpp">
      <Filter>01. Utility\10. RenderTargets</Filter>
    </ClCompile>
    <ClCompile Include="..\Private\Target_Manager.cpp">
      <Filter>01. Utility\10. RenderTargets\Manager</Filter>
    </ClCompile>
    <ClCompile Include="..\Private\Sampler.cpp">
      <Filter>01. Utility\11. Sampler</Filter>
    </ClCompile>
    <ClCompile Include="..\Private\BlendObject.cpp">
      <Filter>01. Utility\01. GameObjects\BlendObject</Filter>
    </ClCompile>
  </ItemGroup>
  <ItemGroup>
    <ClInclude Include="..\Public\Base.h">
      <Filter>01. Utility\99. SuperClass</Filter>
    </ClInclude>
    <ClInclude Include="..\Public\GameInstance.h">
      <Filter>01. Utility\00. GameInstance</Filter>
    </ClInclude>
    <ClInclude Include="..\Public\GameObject.h">
      <Filter>01. Utility\01. GameObjects</Filter>
    </ClInclude>
    <ClInclude Include="..\Public\Object_Manager.h">
      <Filter>01. Utility\01. GameObjects\Manager</Filter>
    </ClInclude>
    <ClInclude Include="..\Public\Layer.h">
      <Filter>01. Utility\01. GameObjects\Manager\Layer</Filter>
    </ClInclude>
    <ClInclude Include="..\Public\Component.h">
      <Filter>01. Utility\02. Components</Filter>
    </ClInclude>
    <ClInclude Include="..\Public\Component_Manager.h">
      <Filter>01. Utility\02. Components\00%29 Manager</Filter>
    </ClInclude>
    <ClInclude Include="..\Public\Engine_Defines.h">
      <Filter>99. Defines</Filter>
    </ClInclude>
    <ClInclude Include="..\Public\Engine_Function.h">
      <Filter>99. Defines</Filter>
    </ClInclude>
    <ClInclude Include="..\Public\Engine_Macro.h">
      <Filter>99. Defines</Filter>
    </ClInclude>
    <ClInclude Include="..\Public\Engine_Struct.h">
      <Filter>99. Defines</Filter>
    </ClInclude>
    <ClInclude Include="..\Public\Engine_Typedef.h">
      <Filter>99. Defines</Filter>
    </ClInclude>
    <ClInclude Include="..\Public\Level.h">
      <Filter>01. Utility\03. Levels</Filter>
    </ClInclude>
    <ClInclude Include="..\Public\Level_Manager.h">
      <Filter>01. Utility\03. Levels\Manager</Filter>
    </ClInclude>
    <ClInclude Include="..\Public\Timer.h">
      <Filter>00. Device\Timers</Filter>
    </ClInclude>
    <ClInclude Include="..\Public\Timer_Manager.h">
      <Filter>00. Device\Timers\Manager</Filter>
    </ClInclude>
    <ClInclude Include="..\Public\Renderer.h">
      <Filter>01. Utility\04. Renderer</Filter>
    </ClInclude>
    <ClInclude Include="..\Public\Graphic_Device.h">
      <Filter>00. Device\Graphic</Filter>
    </ClInclude>
    <ClInclude Include="..\public\VIBuffer.h">
      <Filter>01. Utility\02. Components\02%29 VIBuffer</Filter>
    </ClInclude>
    <ClInclude Include="..\public\VIBuffer_Rect.h">
      <Filter>01. Utility\02. Components\02%29 VIBuffer\Rect</Filter>
    </ClInclude>
    <ClInclude Include="..\public\Shader.h">
      <Filter>01. Utility\02. Components\04%29 Shader</Filter>
    </ClInclude>
    <ClInclude Include="..\Public\Texture.h">
      <Filter>01. Utility\02. Components\03%29 Texture</Filter>
    </ClInclude>
    <ClInclude Include="..\Public\Transform.h">
      <Filter>01. Utility\02. Components\01%29 Transform</Filter>
    </ClInclude>
    <ClInclude Include="..\Public\VIBuffer_Terrain.h">
      <Filter>01. Utility\02. Components\02%29 VIBuffer\Terrain</Filter>
    </ClInclude>
    <ClInclude Include="..\Public\PipeLine.h">
      <Filter>01. Utility\05. PipeLine</Filter>
    </ClInclude>
    <ClInclude Include="..\Public\Input_Device.h">
      <Filter>00. Device\Input</Filter>
    </ClInclude>
    <ClInclude Include="..\Public\Model.h">
      <Filter>01. Utility\02. Components\05%29 Model</Filter>
    </ClInclude>
    <ClInclude Include="..\Public\Mesh.h">
      <Filter>01. Utility\02. Components\05%29 Model\Mesh</Filter>
    </ClInclude>
    <ClInclude Include="..\Public\Bone.h">
      <Filter>01. Utility\02. Components\05%29 Model\Bone</Filter>
    </ClInclude>
    <ClInclude Include="..\Public\Animation.h">
      <Filter>01. Utility\02. Components\05%29 Model\Animation</Filter>
    </ClInclude>
    <ClInclude Include="..\Public\Channel.h">
      <Filter>01. Utility\02. Components\05%29 Model\Animation\Channel</Filter>
    </ClInclude>
    <ClInclude Include="..\Public\Picking.h">
      <Filter>01. Utility\06. Picking</Filter>
    </ClInclude>
    <ClInclude Include="..\Public\Light.h">
      <Filter>01. Utility\07. Lights</Filter>
    </ClInclude>
    <ClInclude Include="..\Public\Light_Manager.h">
      <Filter>01. Utility\07. Lights\Manager</Filter>
    </ClInclude>
    <ClInclude Include="..\ImGui\imconfig.h">
      <Filter>01. Utility\98. ImGui\Etc</Filter>
    </ClInclude>
    <ClInclude Include="..\ImGui\imgui.h">
      <Filter>01. Utility\98. ImGui\Etc</Filter>
    </ClInclude>
    <ClInclude Include="..\ImGui\imgui_impl_dx11.h">
      <Filter>01. Utility\98. ImGui\Etc</Filter>
    </ClInclude>
    <ClInclude Include="..\ImGui\imgui_impl_win32.h">
      <Filter>01. Utility\98. ImGui\Etc</Filter>
    </ClInclude>
    <ClInclude Include="..\ImGui\imgui_internal.h">
      <Filter>01. Utility\98. ImGui\Etc</Filter>
    </ClInclude>
    <ClInclude Include="..\ImGui\ImGuizmo.h">
      <Filter>01. Utility\98. ImGui\Etc</Filter>
    </ClInclude>
    <ClInclude Include="..\ImGui\imstb_rectpack.h">
      <Filter>01. Utility\98. ImGui\Etc</Filter>
    </ClInclude>
    <ClInclude Include="..\ImGui\imstb_textedit.h">
      <Filter>01. Utility\98. ImGui\Etc</Filter>
    </ClInclude>
    <ClInclude Include="..\ImGui\imstb_truetype.h">
      <Filter>01. Utility\98. ImGui\Etc</Filter>
    </ClInclude>
    <ClInclude Include="..\Public\ImGui_Manager.h">
      <Filter>01. Utility\98. ImGui\Manager</Filter>
    </ClInclude>
    <ClInclude Include="..\Public\PartObject.h">
      <Filter>01. Utility\01. GameObjects\PartObject</Filter>
    </ClInclude>
    <ClInclude Include="..\Public\Collider.h">
      <Filter>01. Utility\02. Components\07%29 Collider</Filter>
    </ClInclude>
    <ClInclude Include="..\Public\DebugDraw.h">
      <Filter>01. Utility\02. Components\07%29 Collider\DebugDraw</Filter>
    </ClInclude>
    <ClInclude Include="..\Public\Bounding.h">
      <Filter>01. Utility\02. Components\07%29 Collider\Bounding</Filter>
    </ClInclude>
    <ClInclude Include="..\Public\Bounding_AABB.h">
      <Filter>01. Utility\02. Components\07%29 Collider\Bounding\AABB</Filter>
    </ClInclude>
    <ClInclude Include="..\Public\Bounding_OBB.h">
      <Filter>01. Utility\02. Components\07%29 Collider\Bounding\OBB</Filter>
    </ClInclude>
    <ClInclude Include="..\Public\Bounding_SPHERE.h">
      <Filter>01. Utility\02. Components\07%29 Collider\Bounding\SPHERE</Filter>
    </ClInclude>
    <ClInclude Include="..\Public\Animator.h">
      <Filter>01. Utility\02. Components\06%29 Animator</Filter>
    </ClInclude>
    <ClInclude Include="..\Public\Animator_Controller.h">
      <Filter>01. Utility\02. Components\06%29 Animator\Animator_Controller</Filter>
    </ClInclude>
    <ClInclude Include="..\Public\State_Machine.h">
      <Filter>01. Utility\02. Components\06%29 Animator\Animator_Controller\State_Machine</Filter>
    </ClInclude>
    <ClInclude Include="..\Public\Avatar.h">
      <Filter>01. Utility\02. Components\06%29 Animator\Avatar</Filter>
    </ClInclude>
    <ClInclude Include="..\Public\State.h">
      <Filter>01. Utility\02. Components\06%29 Animator\Animator_Controller\State_Machine\State</Filter>
    </ClInclude>
    <ClInclude Include="..\Public\Navigation.h">
      <Filter>01. Utility\02. Components\08%29 Navigation</Filter>
    </ClInclude>
    <ClInclude Include="..\Public\Cell.h">
      <Filter>01. Utility\02. Components\08%29 Navigation\Cell</Filter>
    </ClInclude>
    <ClInclude Include="..\Public\VIBuffer_Cell.h">
      <Filter>01. Utility\02. Components\02%29 VIBuffer\Cell</Filter>
    </ClInclude>
    <ClInclude Include="..\Public\Collision_Manager.h">
      <Filter>01. Utility\02. Components\07%29 Collider\Manager</Filter>
    </ClInclude>
    <ClInclude Include="..\Public\MyFont.h">
      <Filter>01. Utility\08. Fonts</Filter>
    </ClInclude>
    <ClInclude Include="..\Public\Font_Manager.h">
      <Filter>01. Utility\08. Fonts\Manager</Filter>
    </ClInclude>
    <ClInclude Include="..\Public\Easing.h">
      <Filter>01. Utility\96. Easing</Filter>
    </ClInclude>
    <ClInclude Include="..\Public\VIBuffer_Cube.h">
      <Filter>01. Utility\02. Components\02%29 VIBuffer\Cube</Filter>
    </ClInclude>
    <ClInclude Include="..\Public\VIBuffer_Instance.h">
      <Filter>01. Utility\02. Components\02%29 VIBuffer\Instance</Filter>
    </ClInclude>
    <ClInclude Include="..\Public\VIBuffer_Instance_Rect.h">
      <Filter>01. Utility\02. Components\02%29 VIBuffer\Instance\Rect</Filter>
    </ClInclude>
    <ClInclude Include="..\Public\Camera.h">
      <Filter>01. Utility\09. Camera</Filter>
    </ClInclude>
    <ClInclude Include="..\Public\Camera_Manager.h">
      <Filter>01. Utility\09. Camera\Manager</Filter>
    </ClInclude>
    <ClInclude Include="..\Public\VIBuffer_Instance_Point.h">
      <Filter>01. Utility\02. Components\02%29 VIBuffer\Instance\Point</Filter>
    </ClInclude>
    <ClInclude Include="..\Public\Effect.h">
      <Filter>01. Utility\01. GameObjects\Effect</Filter>
    </ClInclude>
    <ClInclude Include="..\Public\Trigger.h">
      <Filter>01. Utility\01. GameObjects\Trigger</Filter>
    </ClInclude>
    <ClInclude Include="..\Public\RenderTarget.h">
      <Filter>01. Utility\10. RenderTargets</Filter>
    </ClInclude>
    <ClInclude Include="..\Public\Target_Manager.h">
      <Filter>01. Utility\10. RenderTargets\Manager</Filter>
    </ClInclude>
    <ClInclude Include="..\Public\Sampler.h">
      <Filter>01. Utility\11. Sampler</Filter>
    </ClInclude>
    <ClInclude Include="..\Public\BlendObject.h">
      <Filter>01. Utility\01. GameObjects\BlendObject</Filter>
    </ClInclude>
  </ItemGroup>
  <ItemGroup>
    <FxCompile Include="..\Bin\ShaderFiles\Shader_Cell.hlsl">
      <Filter>01. Utility\97. ShaderFiles</Filter>
    </FxCompile>
    <FxCompile Include="..\Bin\ShaderFiles\Shader_Deferred.hlsl">
      <Filter>01. Utility\97. ShaderFiles</Filter>
    </FxCompile>
  </ItemGroup>
  <ItemGroup>
    <None Include="..\Bin\ShaderFiles\Engine_Shader_Defines.hlsli">
      <Filter>01. Utility\97. ShaderFiles</Filter>
    </None>
  </ItemGroup>
</Project>