<?xml version="1.0" encoding="utf-8"?>
<Project ToolsVersion="4.0" xmlns="http://schemas.microsoft.com/developer/msbuild/2003">
  <ItemGroup>
    <Filter Include="01. Utility">
      <UniqueIdentifier>{93c87700-aab2-4322-b256-360fd86c44c7}</UniqueIdentifier>
    </Filter>
    <Filter Include="01. Utility\99. SuperClass">
      <UniqueIdentifier>{18cd71f3-16be-4d21-849d-93d659719eda}</UniqueIdentifier>
    </Filter>
    <Filter Include="01. Utility\00. GameInstance">
      <UniqueIdentifier>{3a07eea0-5528-4165-9a4b-263a0598dba8}</UniqueIdentifier>
    </Filter>
    <Filter Include="01. Utility\01. GameObjects">
      <UniqueIdentifier>{c39a1fd9-a159-4cda-9df0-92ca38acee94}</UniqueIdentifier>
    </Filter>
    <Filter Include="01. Utility\01. GameObjects\Manager">
      <UniqueIdentifier>{e23f15ac-9228-4f3d-8a2d-64e24ba537fd}</UniqueIdentifier>
    </Filter>
    <Filter Include="01. Utility\01. GameObjects\Manager\Layer">
      <UniqueIdentifier>{ad2f09de-2ff3-47c2-b6b1-623fcccf5f84}</UniqueIdentifier>
    </Filter>
    <Filter Include="01. Utility\01. GameObjects\Camera">
      <UniqueIdentifier>{bbc74ff0-852b-4434-9040-4a558c9dfe5e}</UniqueIdentifier>
    </Filter>
    <Filter Include="01. Utility\02. Components">
      <UniqueIdentifier>{48c7c65c-7362-41ea-a460-905ff511629f}</UniqueIdentifier>
    </Filter>
    <Filter Include="01. Utility\02. Components\Manager">
      <UniqueIdentifier>{9a25d0bd-b87d-44f6-bfce-fb32c1047b59}</UniqueIdentifier>
    </Filter>
    <Filter Include="01. Utility\02. Components\VIBuffer">
      <UniqueIdentifier>{1940cc1c-6655-4f3c-a49a-2193d5054bb3}</UniqueIdentifier>
    </Filter>
    <Filter Include="01. Utility\02. Components\VIBuffer\Rect">
      <UniqueIdentifier>{6dde1500-565b-4a82-a05d-b8d03aba94d7}</UniqueIdentifier>
    </Filter>
    <Filter Include="01. Utility\02. Components\VIBuffer\Terrain">
      <UniqueIdentifier>{a5e39be6-2f27-479e-bf4f-a2b170666172}</UniqueIdentifier>
    </Filter>
    <Filter Include="01. Utility\02. Components\Texture">
      <UniqueIdentifier>{9a7d099b-7bc0-40c7-9801-363e3750feb7}</UniqueIdentifier>
    </Filter>
    <Filter Include="01. Utility\02. Components\Shader">
      <UniqueIdentifier>{d829722f-8a2c-45ef-aa1f-2e16eaeab6e4}</UniqueIdentifier>
    </Filter>
    <Filter Include="01. Utility\02. Components\Transform">
      <UniqueIdentifier>{1b4d404f-9eb2-4a6b-b031-814c255ad16d}</UniqueIdentifier>
    </Filter>
    <Filter Include="01. Utility\03. Levels">
      <UniqueIdentifier>{e1b5e4f5-524e-4d5d-a97f-dda8f3b6fbee}</UniqueIdentifier>
    </Filter>
    <Filter Include="01. Utility\03. Levels\Manager">
      <UniqueIdentifier>{733be629-237a-48c5-a212-b47528d35f6c}</UniqueIdentifier>
    </Filter>
    <Filter Include="01. Utility\04. Renderer">
      <UniqueIdentifier>{8f95be06-5b9d-4c53-ad7c-8df949da1544}</UniqueIdentifier>
    </Filter>
    <Filter Include="01. Utility\05. PipeLine">
      <UniqueIdentifier>{b36370b3-e221-4afa-b231-fdc54d96c467}</UniqueIdentifier>
    </Filter>
    <Filter Include="99. Defines">
      <UniqueIdentifier>{5316adfe-c8f3-42a2-a7dd-f7bb55fde1d2}</UniqueIdentifier>
    </Filter>
    <Filter Include="00. Device">
      <UniqueIdentifier>{575691c0-c00a-4e06-9e0e-e515e6ce0651}</UniqueIdentifier>
    </Filter>
    <Filter Include="00. Device\Graphic">
      <UniqueIdentifier>{88ff69e6-1cc6-4911-b17b-958907cf28b0}</UniqueIdentifier>
    </Filter>
    <Filter Include="00. Device\Input">
      <UniqueIdentifier>{1ffb29ea-fcd5-4929-9fdd-76d2898bec70}</UniqueIdentifier>
    </Filter>
    <Filter Include="00. Device\Timers">
      <UniqueIdentifier>{2276b046-b4ba-44b9-bee5-454bd47d9596}</UniqueIdentifier>
    </Filter>
    <Filter Include="00. Device\Timers\Manager">
      <UniqueIdentifier>{2396b3ce-bf2e-4910-bb35-d6b5f6434bee}</UniqueIdentifier>
    </Filter>
    <Filter Include="01. Utility\02. Components\Model">
      <UniqueIdentifier>{fdb48057-721f-4128-b02c-fe313cad92ea}</UniqueIdentifier>
    </Filter>
    <Filter Include="01. Utility\02. Components\Model\Mesh">
      <UniqueIdentifier>{912a977f-f1c6-4959-968d-3b38318dff65}</UniqueIdentifier>
    </Filter>
    <Filter Include="01. Utility\02. Components\Model\Bone">
      <UniqueIdentifier>{b7facbaa-29ba-4d81-a23e-20ed1ad7d257}</UniqueIdentifier>
    </Filter>
    <Filter Include="01. Utility\02. Components\Model\Animation">
      <UniqueIdentifier>{636173e1-ea0c-48e4-a642-df6c51a181ce}</UniqueIdentifier>
    </Filter>
    <Filter Include="98. ImGui">
      <UniqueIdentifier>{84e6e414-679d-49c1-af24-eafe516b9cde}</UniqueIdentifier>
    </Filter>
    <Filter Include="98. ImGui\Manager">
      <UniqueIdentifier>{7ec23862-5681-45b8-89a5-21cf4c001ebb}</UniqueIdentifier>
    </Filter>
    <Filter Include="98. ImGui\Etc">
      <UniqueIdentifier>{1c51e102-1cea-478e-afb5-1b25cfbe3069}</UniqueIdentifier>
    </Filter>
    <Filter Include="01. Utility\02. Components\Model\Animation\Channel">
      <UniqueIdentifier>{3856f71b-d467-464a-9b30-14f5809ef893}</UniqueIdentifier>
    </Filter>
    <Filter Include="01. Utility\06. Picking">
      <UniqueIdentifier>{5e0d7fcb-ac97-430e-86c7-a6ae6d3eee5b}</UniqueIdentifier>
    </Filter>
    <Filter Include="01. Utility\02. Components\Navigation">
      <UniqueIdentifier>{ab9d6e28-921d-44a8-859a-85b933895aac}</UniqueIdentifier>
    </Filter>
    <Filter Include="01. Utility\02. Components\Navigation\Cell">
      <UniqueIdentifier>{a535878d-038a-4b44-840d-5d6c937547d2}</UniqueIdentifier>
    </Filter>
    <Filter Include="01. Utility\02. Components\VIBuffer\Cell">
      <UniqueIdentifier>{430b21cf-5d2c-4302-a1ff-96ec8c220bdf}</UniqueIdentifier>
    </Filter>
  </ItemGroup>
  <ItemGroup>
    <ClCompile Include="..\Private\Base.cpp">
      <Filter>01. Utility\99. SuperClass</Filter>
    </ClCompile>
    <ClCompile Include="..\Private\GameInstance.cpp">
      <Filter>01. Utility\00. GameInstance</Filter>
    </ClCompile>
    <ClCompile Include="..\Private\GameObject.cpp">
      <Filter>01. Utility\01. GameObjects</Filter>
    </ClCompile>
    <ClCompile Include="..\Private\Object_Manager.cpp">
      <Filter>01. Utility\01. GameObjects\Manager</Filter>
    </ClCompile>
    <ClCompile Include="..\Private\Layer.cpp">
      <Filter>01. Utility\01. GameObjects\Manager\Layer</Filter>
    </ClCompile>
    <ClCompile Include="..\Private\Camera.cpp">
      <Filter>01. Utility\01. GameObjects\Camera</Filter>
    </ClCompile>
    <ClCompile Include="..\Private\Component.cpp">
      <Filter>01. Utility\02. Components</Filter>
    </ClCompile>
    <ClCompile Include="..\Private\Component_Manager.cpp">
      <Filter>01. Utility\02. Components\Manager</Filter>
    </ClCompile>
    <ClCompile Include="..\Private\Level.cpp">
      <Filter>01. Utility\03. Levels</Filter>
    </ClCompile>
    <ClCompile Include="..\Private\Level_Manager.cpp">
      <Filter>01. Utility\03. Levels\Manager</Filter>
    </ClCompile>
    <ClCompile Include="..\Private\Timer.cpp">
      <Filter>00. Device\Timers</Filter>
    </ClCompile>
    <ClCompile Include="..\Private\Timer_Manager.cpp">
      <Filter>00. Device\Timers\Manager</Filter>
    </ClCompile>
    <ClCompile Include="..\Private\Renderer.cpp">
      <Filter>01. Utility\04. Renderer</Filter>
    </ClCompile>
    <ClCompile Include="..\Private\Graphic_Device.cpp">
      <Filter>00. Device\Graphic</Filter>
    </ClCompile>
    <ClCompile Include="..\private\VIBuffer.cpp">
      <Filter>01. Utility\02. Components\VIBuffer</Filter>
    </ClCompile>
    <ClCompile Include="..\private\VIBuffer_Rect.cpp">
      <Filter>01. Utility\02. Components\VIBuffer\Rect</Filter>
    </ClCompile>
    <ClCompile Include="..\private\Shader.cpp">
      <Filter>01. Utility\02. Components\Shader</Filter>
    </ClCompile>
    <ClCompile Include="..\Public\Engine_Struct.cpp">
      <Filter>99. Defines</Filter>
    </ClCompile>
    <ClCompile Include="..\Private\Texture.cpp">
      <Filter>01. Utility\02. Components\Texture</Filter>
    </ClCompile>
    <ClCompile Include="..\Private\Transform.cpp">
      <Filter>01. Utility\02. Components\Transform</Filter>
    </ClCompile>
    <ClCompile Include="..\Private\VIBuffer_Terrain.cpp">
      <Filter>01. Utility\02. Components\VIBuffer\Terrain</Filter>
    </ClCompile>
    <ClCompile Include="..\Private\PipeLine.cpp">
      <Filter>01. Utility\05. PipeLine</Filter>
    </ClCompile>
    <ClCompile Include="..\Private\Input_Device.cpp">
      <Filter>00. Device\Input</Filter>
    </ClCompile>
    <ClCompile Include="..\Private\Model.cpp">
      <Filter>01. Utility\02. Components\Model</Filter>
    </ClCompile>
    <ClCompile Include="..\Private\Mesh.cpp">
      <Filter>01. Utility\02. Components\Model\Mesh</Filter>
    </ClCompile>
    <ClCompile Include="..\Private\Bone.cpp">
      <Filter>01. Utility\02. Components\Model\Bone</Filter>
    </ClCompile>
    <ClCompile Include="..\Private\Animation.cpp">
      <Filter>01. Utility\02. Components\Model\Animation</Filter>
    </ClCompile>
    <ClCompile Include="..\ImGui\imgui.cpp">
      <Filter>98. ImGui\Etc</Filter>
    </ClCompile>
    <ClCompile Include="..\ImGui\imgui_demo.cpp">
      <Filter>98. ImGui\Etc</Filter>
    </ClCompile>
    <ClCompile Include="..\ImGui\imgui_draw.cpp">
      <Filter>98. ImGui\Etc</Filter>
    </ClCompile>
    <ClCompile Include="..\ImGui\imgui_impl_dx11.cpp">
      <Filter>98. ImGui\Etc</Filter>
    </ClCompile>
    <ClCompile Include="..\ImGui\imgui_impl_win32.cpp">
      <Filter>98. ImGui\Etc</Filter>
    </ClCompile>
    <ClCompile Include="..\ImGui\imgui_widgets.cpp">
      <Filter>98. ImGui\Etc</Filter>
    </ClCompile>
    <ClCompile Include="..\ImGui\ImGuizmo.cpp">
      <Filter>98. ImGui\Etc</Filter>
    </ClCompile>
    <ClCompile Include="..\Private\ImGui_Manager.cpp">
      <Filter>98. ImGui\Manager</Filter>
    </ClCompile>
    <ClCompile Include="..\Private\Channel.cpp">
      <Filter>01. Utility\02. Components\Model\Animation\Channel</Filter>
    </ClCompile>
    <ClCompile Include="..\Private\Picking.cpp">
      <Filter>01. Utility\06. Picking</Filter>
    </ClCompile>
    <ClCompile Include="..\ImGui\imgui_tables.cpp">
      <Filter>98. ImGui\Etc</Filter>
    </ClCompile>
    <ClCompile Include="..\Private\Cell.cpp">
      <Filter>01. Utility\02. Components\Navigation\Cell</Filter>
    </ClCompile>
    <ClCompile Include="..\Private\Navigation.cpp">
      <Filter>01. Utility\02. Components\Navigation</Filter>
    </ClCompile>
    <ClCompile Include="..\Private\VIBuffer_Cell.cpp">
      <Filter>01. Utility\02. Components\VIBuffer\Cell</Filter>
    </ClCompile>
  </ItemGroup>
  <ItemGroup>
    <ClInclude Include="..\Public\Base.h">
      <Filter>01. Utility\99. SuperClass</Filter>
    </ClInclude>
    <ClInclude Include="..\Public\GameInstance.h">
      <Filter>01. Utility\00. GameInstance</Filter>
    </ClInclude>
    <ClInclude Include="..\Public\GameObject.h">
      <Filter>01. Utility\01. GameObjects</Filter>
    </ClInclude>
    <ClInclude Include="..\Public\Object_Manager.h">
      <Filter>01. Utility\01. GameObjects\Manager</Filter>
    </ClInclude>
    <ClInclude Include="..\Public\Layer.h">
      <Filter>01. Utility\01. GameObjects\Manager\Layer</Filter>
    </ClInclude>
    <ClInclude Include="..\Public\Camera.h">
      <Filter>01. Utility\01. GameObjects\Camera</Filter>
    </ClInclude>
    <ClInclude Include="..\Public\Component.h">
      <Filter>01. Utility\02. Components</Filter>
    </ClInclude>
    <ClInclude Include="..\Public\Component_Manager.h">
      <Filter>01. Utility\02. Components\Manager</Filter>
    </ClInclude>
    <ClInclude Include="..\Public\Engine_Defines.h">
      <Filter>99. Defines</Filter>
    </ClInclude>
    <ClInclude Include="..\Public\Engine_Function.h">
      <Filter>99. Defines</Filter>
    </ClInclude>
    <ClInclude Include="..\Public\Engine_Macro.h">
      <Filter>99. Defines</Filter>
    </ClInclude>
    <ClInclude Include="..\Public\Engine_Struct.h">
      <Filter>99. Defines</Filter>
    </ClInclude>
    <ClInclude Include="..\Public\Engine_Typedef.h">
      <Filter>99. Defines</Filter>
    </ClInclude>
    <ClInclude Include="..\Public\Level.h">
      <Filter>01. Utility\03. Levels</Filter>
    </ClInclude>
    <ClInclude Include="..\Public\Level_Manager.h">
      <Filter>01. Utility\03. Levels\Manager</Filter>
    </ClInclude>
    <ClInclude Include="..\Public\Timer.h">
      <Filter>00. Device\Timers</Filter>
    </ClInclude>
    <ClInclude Include="..\Public\Timer_Manager.h">
      <Filter>00. Device\Timers\Manager</Filter>
    </ClInclude>
    <ClInclude Include="..\Public\Renderer.h">
      <Filter>01. Utility\04. Renderer</Filter>
    </ClInclude>
    <ClInclude Include="..\Public\Graphic_Device.h">
      <Filter>00. Device\Graphic</Filter>
    </ClInclude>
    <ClInclude Include="..\public\VIBuffer.h">
      <Filter>01. Utility\02. Components\VIBuffer</Filter>
    </ClInclude>
    <ClInclude Include="..\public\VIBuffer_Rect.h">
      <Filter>01. Utility\02. Components\VIBuffer\Rect</Filter>
    </ClInclude>
    <ClInclude Include="..\public\Shader.h">
      <Filter>01. Utility\02. Components\Shader</Filter>
    </ClInclude>
    <ClInclude Include="..\Public\Texture.h">
      <Filter>01. Utility\02. Components\Texture</Filter>
    </ClInclude>
    <ClInclude Include="..\Public\Transform.h">
      <Filter>01. Utility\02. Components\Transform</Filter>
    </ClInclude>
    <ClInclude Include="..\Public\VIBuffer_Terrain.h">
      <Filter>01. Utility\02. Components\VIBuffer\Terrain</Filter>
    </ClInclude>
    <ClInclude Include="..\Public\PipeLine.h">
      <Filter>01. Utility\05. PipeLine</Filter>
    </ClInclude>
    <ClInclude Include="..\Public\Input_Device.h">
      <Filter>00. Device\Input</Filter>
    </ClInclude>
    <ClInclude Include="..\Public\Model.h">
      <Filter>01. Utility\02. Components\Model</Filter>
    </ClInclude>
    <ClInclude Include="..\Public\Mesh.h">
      <Filter>01. Utility\02. Components\Model\Mesh</Filter>
    </ClInclude>
    <ClInclude Include="..\Public\Bone.h">
      <Filter>01. Utility\02. Components\Model\Bone</Filter>
    </ClInclude>
    <ClInclude Include="..\Public\Animation.h">
      <Filter>01. Utility\02. Components\Model\Animation</Filter>
    </ClInclude>
    <ClInclude Include="..\ImGui\imconfig.h">
      <Filter>98. ImGui\Etc</Filter>
    </ClInclude>
    <ClInclude Include="..\ImGui\imgui.h">
      <Filter>98. ImGui\Etc</Filter>
    </ClInclude>
    <ClInclude Include="..\ImGui\imgui_impl_dx11.h">
      <Filter>98. ImGui\Etc</Filter>
    </ClInclude>
    <ClInclude Include="..\ImGui\imgui_impl_win32.h">
      <Filter>98. ImGui\Etc</Filter>
    </ClInclude>
    <ClInclude Include="..\ImGui\imgui_internal.h">
      <Filter>98. ImGui\Etc</Filter>
    </ClInclude>
    <ClInclude Include="..\ImGui\ImGuizmo.h">
      <Filter>98. ImGui\Etc</Filter>
    </ClInclude>
    <ClInclude Include="..\ImGui\imstb_rectpack.h">
      <Filter>98. ImGui\Etc</Filter>
    </ClInclude>
    <ClInclude Include="..\ImGui\imstb_textedit.h">
      <Filter>98. ImGui\Etc</Filter>
    </ClInclude>
    <ClInclude Include="..\ImGui\imstb_truetype.h">
      <Filter>98. ImGui\Etc</Filter>
    </ClInclude>
    <ClInclude Include="..\Public\ImGui_Manager.h">
      <Filter>98. ImGui\Manager</Filter>
    </ClInclude>
    <ClInclude Include="..\Public\Channel.h">
      <Filter>01. Utility\02. Components\Model\Animation\Channel</Filter>
    </ClInclude>
    <ClInclude Include="..\Public\Picking.h">
      <Filter>01. Utility\06. Picking</Filter>
    </ClInclude>
    <ClInclude Include="..\Public\Navigation.h">
      <Filter>01. Utility\02. Components\Navigation</Filter>
    </ClInclude>
    <ClInclude Include="..\Public\Cell.h">
      <Filter>01. Utility\02. Components\Navigation\Cell</Filter>
    </ClInclude>
    <ClInclude Include="..\Public\VIBuffer_Cell.h">
      <Filter>01. Utility\02. Components\VIBuffer\Cell</Filter>
    </ClInclude>
  </ItemGroup>
</Project>